// !$*UTF8*$!
{
	archiveVersion = 1;
	classes = {
	};
	objectVersion = 56;
	objects = {

/* Begin PBXBuildFile section */
		7C3A4B272A3CC60D0066C969 /* UIImage+Extensions.swift in Sources */ = {isa = PBXBuildFile; fileRef = 7C3A4B262A3CC60D0066C969 /* UIImage+Extensions.swift */; };
		7C67412D2A3635CD007DEBF3 /* AppDelegate.swift in Sources */ = {isa = PBXBuildFile; fileRef = 7C67412C2A3635CD007DEBF3 /* AppDelegate.swift */; };
		7C67412F2A3635CD007DEBF3 /* SceneDelegate.swift in Sources */ = {isa = PBXBuildFile; fileRef = 7C67412E2A3635CD007DEBF3 /* SceneDelegate.swift */; };
		7C6741362A3635CE007DEBF3 /* Assets.xcassets in Resources */ = {isa = PBXBuildFile; fileRef = 7C6741352A3635CE007DEBF3 /* Assets.xcassets */; };
		7C6741392A3635CE007DEBF3 /* LaunchScreen.storyboard in Resources */ = {isa = PBXBuildFile; fileRef = 7C6741372A3635CE007DEBF3 /* LaunchScreen.storyboard */; };
		7C6741422A3636C3007DEBF3 /* RootLauncher.swift in Sources */ = {isa = PBXBuildFile; fileRef = 7C6741412A3636C3007DEBF3 /* RootLauncher.swift */; };
		7C6741492A364E2D007DEBF3 /* ViewLoadable.swift in Sources */ = {isa = PBXBuildFile; fileRef = 7C6741482A364E2D007DEBF3 /* ViewLoadable.swift */; };
		7C67414E2A3652F6007DEBF3 /* Constants.swift in Sources */ = {isa = PBXBuildFile; fileRef = 7C67414D2A3652F6007DEBF3 /* Constants.swift */; };
		7C67415C2A3B71F3007DEBF3 /* SignUpViewController.swift in Sources */ = {isa = PBXBuildFile; fileRef = 7C67415B2A3B71F3007DEBF3 /* SignUpViewController.swift */; };
		7C67415E2A3B71FE007DEBF3 /* SignUpViewModel.swift in Sources */ = {isa = PBXBuildFile; fileRef = 7C67415D2A3B71FE007DEBF3 /* SignUpViewModel.swift */; };
		7C6741602A3B722E007DEBF3 /* Registration.storyboard in Resources */ = {isa = PBXBuildFile; fileRef = 7C67415F2A3B722E007DEBF3 /* Registration.storyboard */; };
		7C6741692A3B727C007DEBF3 /* DearDiaryUIKit.h in Headers */ = {isa = PBXBuildFile; fileRef = 7C6741682A3B727C007DEBF3 /* DearDiaryUIKit.h */; settings = {ATTRIBUTES = (Public, ); }; };
		7C67416C2A3B727C007DEBF3 /* DearDiaryUIKit.framework in Frameworks */ = {isa = PBXBuildFile; fileRef = 7C6741662A3B727C007DEBF3 /* DearDiaryUIKit.framework */; };
		7C67416D2A3B727C007DEBF3 /* DearDiaryUIKit.framework in Embed Frameworks */ = {isa = PBXBuildFile; fileRef = 7C6741662A3B727C007DEBF3 /* DearDiaryUIKit.framework */; settings = {ATTRIBUTES = (CodeSignOnCopy, RemoveHeadersOnCopy, ); }; };
		7C6741742A3B728B007DEBF3 /* Colors.swift in Sources */ = {isa = PBXBuildFile; fileRef = 7C6741732A3B728B007DEBF3 /* Colors.swift */; };
		7C6741762A3B72F6007DEBF3 /* ColorAssets.xcassets in Resources */ = {isa = PBXBuildFile; fileRef = 7C6741752A3B72F6007DEBF3 /* ColorAssets.xcassets */; };
		7C6741782A3B76BC007DEBF3 /* Fonts.swift in Sources */ = {isa = PBXBuildFile; fileRef = 7C6741772A3B76BC007DEBF3 /* Fonts.swift */; };
		7C6741882A3B9AE3007DEBF3 /* DearDiaryStrings.h in Headers */ = {isa = PBXBuildFile; fileRef = 7C6741872A3B9AE3007DEBF3 /* DearDiaryStrings.h */; settings = {ATTRIBUTES = (Public, ); }; };
		7C67418B2A3B9AE3007DEBF3 /* DearDiaryStrings.framework in Frameworks */ = {isa = PBXBuildFile; fileRef = 7C6741852A3B9AE3007DEBF3 /* DearDiaryStrings.framework */; };
		7C67418C2A3B9AE3007DEBF3 /* DearDiaryStrings.framework in Embed Frameworks */ = {isa = PBXBuildFile; fileRef = 7C6741852A3B9AE3007DEBF3 /* DearDiaryStrings.framework */; settings = {ATTRIBUTES = (CodeSignOnCopy, RemoveHeadersOnCopy, ); }; };
		7C6741922A3B9AFA007DEBF3 /* Strings.swift in Sources */ = {isa = PBXBuildFile; fileRef = 7C6741912A3B9AFA007DEBF3 /* Strings.swift */; };
		7C6741962A3BF3D0007DEBF3 /* OpenSans-SemiBold.ttf in Resources */ = {isa = PBXBuildFile; fileRef = 7C6741932A3BF3D0007DEBF3 /* OpenSans-SemiBold.ttf */; };
		7C6741972A3BF3D0007DEBF3 /* OpenSans-Bold.ttf in Resources */ = {isa = PBXBuildFile; fileRef = 7C6741942A3BF3D0007DEBF3 /* OpenSans-Bold.ttf */; };
		7C6741982A3BF3D0007DEBF3 /* OpenSans-Regular.ttf in Resources */ = {isa = PBXBuildFile; fileRef = 7C6741952A3BF3D0007DEBF3 /* OpenSans-Regular.ttf */; };
		7C67419B2A3BF52E007DEBF3 /* Array+Extensions.swift in Sources */ = {isa = PBXBuildFile; fileRef = 7C67419A2A3BF52E007DEBF3 /* Array+Extensions.swift */; };
/* End PBXBuildFile section */

/* Begin PBXContainerItemProxy section */
		7C67416A2A3B727C007DEBF3 /* PBXContainerItemProxy */ = {
			isa = PBXContainerItemProxy;
			containerPortal = 7C6741212A3635CD007DEBF3 /* Project object */;
			proxyType = 1;
			remoteGlobalIDString = 7C6741652A3B727C007DEBF3;
			remoteInfo = DearDiaryUIKit;
		};
		7C6741892A3B9AE3007DEBF3 /* PBXContainerItemProxy */ = {
			isa = PBXContainerItemProxy;
			containerPortal = 7C6741212A3635CD007DEBF3 /* Project object */;
			proxyType = 1;
			remoteGlobalIDString = 7C6741842A3B9AE3007DEBF3;
			remoteInfo = DearDiaryStrings;
		};
/* End PBXContainerItemProxy section */

/* Begin PBXCopyFilesBuildPhase section */
		7C6741712A3B727C007DEBF3 /* Embed Frameworks */ = {
			isa = PBXCopyFilesBuildPhase;
			buildActionMask = 2147483647;
			dstPath = "";
			dstSubfolderSpec = 10;
			files = (
				7C67416D2A3B727C007DEBF3 /* DearDiaryUIKit.framework in Embed Frameworks */,
				7C67418C2A3B9AE3007DEBF3 /* DearDiaryStrings.framework in Embed Frameworks */,
			);
			name = "Embed Frameworks";
			runOnlyForDeploymentPostprocessing = 0;
		};
/* End PBXCopyFilesBuildPhase section */

/* Begin PBXFileReference section */
		7C3A4B262A3CC60D0066C969 /* UIImage+Extensions.swift */ = {isa = PBXFileReference; lastKnownFileType = sourcecode.swift; path = "UIImage+Extensions.swift"; sourceTree = "<group>"; };
		7C6741292A3635CD007DEBF3 /* Dear Diary.app */ = {isa = PBXFileReference; explicitFileType = wrapper.application; includeInIndex = 0; path = "Dear Diary.app"; sourceTree = BUILT_PRODUCTS_DIR; };
		7C67412C2A3635CD007DEBF3 /* AppDelegate.swift */ = {isa = PBXFileReference; lastKnownFileType = sourcecode.swift; path = AppDelegate.swift; sourceTree = "<group>"; };
		7C67412E2A3635CD007DEBF3 /* SceneDelegate.swift */ = {isa = PBXFileReference; lastKnownFileType = sourcecode.swift; path = SceneDelegate.swift; sourceTree = "<group>"; };
		7C6741352A3635CE007DEBF3 /* Assets.xcassets */ = {isa = PBXFileReference; lastKnownFileType = folder.assetcatalog; path = Assets.xcassets; sourceTree = "<group>"; };
		7C6741382A3635CE007DEBF3 /* Base */ = {isa = PBXFileReference; lastKnownFileType = file.storyboard; name = Base; path = Base.lproj/LaunchScreen.storyboard; sourceTree = "<group>"; };
		7C67413A2A3635CE007DEBF3 /* Info.plist */ = {isa = PBXFileReference; lastKnownFileType = text.plist.xml; path = Info.plist; sourceTree = "<group>"; };
		7C6741412A3636C3007DEBF3 /* RootLauncher.swift */ = {isa = PBXFileReference; lastKnownFileType = sourcecode.swift; path = RootLauncher.swift; sourceTree = "<group>"; };
		7C6741482A364E2D007DEBF3 /* ViewLoadable.swift */ = {isa = PBXFileReference; lastKnownFileType = sourcecode.swift; path = ViewLoadable.swift; sourceTree = "<group>"; };
		7C67414D2A3652F6007DEBF3 /* Constants.swift */ = {isa = PBXFileReference; lastKnownFileType = sourcecode.swift; path = Constants.swift; sourceTree = "<group>"; };
		7C67415B2A3B71F3007DEBF3 /* SignUpViewController.swift */ = {isa = PBXFileReference; lastKnownFileType = sourcecode.swift; path = SignUpViewController.swift; sourceTree = "<group>"; };
		7C67415D2A3B71FE007DEBF3 /* SignUpViewModel.swift */ = {isa = PBXFileReference; lastKnownFileType = sourcecode.swift; path = SignUpViewModel.swift; sourceTree = "<group>"; };
		7C67415F2A3B722E007DEBF3 /* Registration.storyboard */ = {isa = PBXFileReference; lastKnownFileType = file.storyboard; path = Registration.storyboard; sourceTree = "<group>"; };
		7C6741662A3B727C007DEBF3 /* DearDiaryUIKit.framework */ = {isa = PBXFileReference; explicitFileType = wrapper.framework; includeInIndex = 0; path = DearDiaryUIKit.framework; sourceTree = BUILT_PRODUCTS_DIR; };
		7C6741682A3B727C007DEBF3 /* DearDiaryUIKit.h */ = {isa = PBXFileReference; lastKnownFileType = sourcecode.c.h; path = DearDiaryUIKit.h; sourceTree = "<group>"; };
		7C6741732A3B728B007DEBF3 /* Colors.swift */ = {isa = PBXFileReference; lastKnownFileType = sourcecode.swift; path = Colors.swift; sourceTree = "<group>"; };
		7C6741752A3B72F6007DEBF3 /* ColorAssets.xcassets */ = {isa = PBXFileReference; lastKnownFileType = folder.assetcatalog; path = ColorAssets.xcassets; sourceTree = "<group>"; };
		7C6741772A3B76BC007DEBF3 /* Fonts.swift */ = {isa = PBXFileReference; lastKnownFileType = sourcecode.swift; path = Fonts.swift; sourceTree = "<group>"; };
		7C6741852A3B9AE3007DEBF3 /* DearDiaryStrings.framework */ = {isa = PBXFileReference; explicitFileType = wrapper.framework; includeInIndex = 0; path = DearDiaryStrings.framework; sourceTree = BUILT_PRODUCTS_DIR; };
		7C6741872A3B9AE3007DEBF3 /* DearDiaryStrings.h */ = {isa = PBXFileReference; lastKnownFileType = sourcecode.c.h; path = DearDiaryStrings.h; sourceTree = "<group>"; };
		7C6741912A3B9AFA007DEBF3 /* Strings.swift */ = {isa = PBXFileReference; lastKnownFileType = sourcecode.swift; path = Strings.swift; sourceTree = "<group>"; };
		7C6741932A3BF3D0007DEBF3 /* OpenSans-SemiBold.ttf */ = {isa = PBXFileReference; lastKnownFileType = file; path = "OpenSans-SemiBold.ttf"; sourceTree = "<group>"; };
		7C6741942A3BF3D0007DEBF3 /* OpenSans-Bold.ttf */ = {isa = PBXFileReference; lastKnownFileType = file; path = "OpenSans-Bold.ttf"; sourceTree = "<group>"; };
		7C6741952A3BF3D0007DEBF3 /* OpenSans-Regular.ttf */ = {isa = PBXFileReference; lastKnownFileType = file; path = "OpenSans-Regular.ttf"; sourceTree = "<group>"; };
		7C67419A2A3BF52E007DEBF3 /* Array+Extensions.swift */ = {isa = PBXFileReference; lastKnownFileType = sourcecode.swift; path = "Array+Extensions.swift"; sourceTree = "<group>"; };
/* End PBXFileReference section */

/* Begin PBXFrameworksBuildPhase section */
		7C6741262A3635CD007DEBF3 /* Frameworks */ = {
			isa = PBXFrameworksBuildPhase;
			buildActionMask = 2147483647;
			files = (
				7C67416C2A3B727C007DEBF3 /* DearDiaryUIKit.framework in Frameworks */,
				7C67418B2A3B9AE3007DEBF3 /* DearDiaryStrings.framework in Frameworks */,
			);
			runOnlyForDeploymentPostprocessing = 0;
		};
		7C6741632A3B727C007DEBF3 /* Frameworks */ = {
			isa = PBXFrameworksBuildPhase;
			buildActionMask = 2147483647;
			files = (
			);
			runOnlyForDeploymentPostprocessing = 0;
		};
		7C6741822A3B9AE3007DEBF3 /* Frameworks */ = {
			isa = PBXFrameworksBuildPhase;
			buildActionMask = 2147483647;
			files = (
			);
			runOnlyForDeploymentPostprocessing = 0;
		};
/* End PBXFrameworksBuildPhase section */

/* Begin PBXGroup section */
		7C6741202A3635CD007DEBF3 = {
			isa = PBXGroup;
			children = (
				7C67412B2A3635CD007DEBF3 /* Dear Diary */,
				7C6741672A3B727C007DEBF3 /* DearDiaryUIKit */,
				7C6741862A3B9AE3007DEBF3 /* DearDiaryStrings */,
				7C67412A2A3635CD007DEBF3 /* Products */,
			);
			sourceTree = "<group>";
		};
		7C67412A2A3635CD007DEBF3 /* Products */ = {
			isa = PBXGroup;
			children = (
				7C6741292A3635CD007DEBF3 /* Dear Diary.app */,
				7C6741662A3B727C007DEBF3 /* DearDiaryUIKit.framework */,
				7C6741852A3B9AE3007DEBF3 /* DearDiaryStrings.framework */,
			);
			name = Products;
			sourceTree = "<group>";
		};
		7C67412B2A3635CD007DEBF3 /* Dear Diary */ = {
			isa = PBXGroup;
			children = (
				7C6741402A3636B4007DEBF3 /* Launcher */,
				7C67414A2A364F8A007DEBF3 /* Registration */,
				7C6741472A364E0D007DEBF3 /* Protocols */,
				7C6741992A3BF51C007DEBF3 /* Extensions */,
				7C6741432A363A29007DEBF3 /* Utility */,
				7C67413A2A3635CE007DEBF3 /* Info.plist */,
			);
			path = "Dear Diary";
			sourceTree = "<group>";
		};
		7C6741402A3636B4007DEBF3 /* Launcher */ = {
			isa = PBXGroup;
			children = (
				7C67412C2A3635CD007DEBF3 /* AppDelegate.swift */,
				7C67412E2A3635CD007DEBF3 /* SceneDelegate.swift */,
				7C6741412A3636C3007DEBF3 /* RootLauncher.swift */,
			);
			path = Launcher;
			sourceTree = "<group>";
		};
		7C6741432A363A29007DEBF3 /* Utility */ = {
			isa = PBXGroup;
			children = (
				7C6741792A3B7705007DEBF3 /* Fonts */,
				7C67414D2A3652F6007DEBF3 /* Constants.swift */,
				7C6741372A3635CE007DEBF3 /* LaunchScreen.storyboard */,
				7C6741352A3635CE007DEBF3 /* Assets.xcassets */,
				7C6741752A3B72F6007DEBF3 /* ColorAssets.xcassets */,
			);
			path = Utility;
			sourceTree = "<group>";
		};
		7C6741472A364E0D007DEBF3 /* Protocols */ = {
			isa = PBXGroup;
			children = (
				7C6741482A364E2D007DEBF3 /* ViewLoadable.swift */,
			);
			path = Protocols;
			sourceTree = "<group>";
		};
		7C67414A2A364F8A007DEBF3 /* Registration */ = {
			isa = PBXGroup;
			children = (
				7C67415A2A3B71D9007DEBF3 /* SignUp */,
				7C67415F2A3B722E007DEBF3 /* Registration.storyboard */,
			);
			path = Registration;
			sourceTree = "<group>";
		};
		7C67415A2A3B71D9007DEBF3 /* SignUp */ = {
			isa = PBXGroup;
			children = (
				7C67415B2A3B71F3007DEBF3 /* SignUpViewController.swift */,
				7C67415D2A3B71FE007DEBF3 /* SignUpViewModel.swift */,
			);
			path = SignUp;
			sourceTree = "<group>";
		};
		7C6741672A3B727C007DEBF3 /* DearDiaryUIKit */ = {
			isa = PBXGroup;
			children = (
				7C6741722A3B7281007DEBF3 /* Style */,
				7C6741682A3B727C007DEBF3 /* DearDiaryUIKit.h */,
			);
			path = DearDiaryUIKit;
			sourceTree = "<group>";
		};
		7C6741722A3B7281007DEBF3 /* Style */ = {
			isa = PBXGroup;
			children = (
				7C6741732A3B728B007DEBF3 /* Colors.swift */,
				7C6741772A3B76BC007DEBF3 /* Fonts.swift */,
			);
			path = Style;
			sourceTree = "<group>";
		};
		7C6741792A3B7705007DEBF3 /* Fonts */ = {
			isa = PBXGroup;
			children = (
				7C6741952A3BF3D0007DEBF3 /* OpenSans-Regular.ttf */,
				7C6741932A3BF3D0007DEBF3 /* OpenSans-SemiBold.ttf */,
				7C6741942A3BF3D0007DEBF3 /* OpenSans-Bold.ttf */,
			);
			path = Fonts;
			sourceTree = "<group>";
		};
		7C6741862A3B9AE3007DEBF3 /* DearDiaryStrings */ = {
			isa = PBXGroup;
			children = (
				7C6741902A3B9AE7007DEBF3 /* Strings */,
				7C6741872A3B9AE3007DEBF3 /* DearDiaryStrings.h */,
			);
			path = DearDiaryStrings;
			sourceTree = "<group>";
		};
		7C6741902A3B9AE7007DEBF3 /* Strings */ = {
			isa = PBXGroup;
			children = (
				7C6741912A3B9AFA007DEBF3 /* Strings.swift */,
			);
			path = Strings;
			sourceTree = "<group>";
		};
		7C6741992A3BF51C007DEBF3 /* Extensions */ = {
			isa = PBXGroup;
			children = (
				7C67419A2A3BF52E007DEBF3 /* Array+Extensions.swift */,
				7C3A4B262A3CC60D0066C969 /* UIImage+Extensions.swift */,
			);
			path = Extensions;
			sourceTree = "<group>";
		};
/* End PBXGroup section */

/* Begin PBXHeadersBuildPhase section */
		7C6741612A3B727C007DEBF3 /* Headers */ = {
			isa = PBXHeadersBuildPhase;
			buildActionMask = 2147483647;
			files = (
				7C6741692A3B727C007DEBF3 /* DearDiaryUIKit.h in Headers */,
			);
			runOnlyForDeploymentPostprocessing = 0;
		};
		7C6741802A3B9AE3007DEBF3 /* Headers */ = {
			isa = PBXHeadersBuildPhase;
			buildActionMask = 2147483647;
			files = (
				7C6741882A3B9AE3007DEBF3 /* DearDiaryStrings.h in Headers */,
			);
			runOnlyForDeploymentPostprocessing = 0;
		};
/* End PBXHeadersBuildPhase section */

/* Begin PBXNativeTarget section */
		7C6741282A3635CD007DEBF3 /* Dear Diary */ = {
			isa = PBXNativeTarget;
			buildConfigurationList = 7C67413D2A3635CE007DEBF3 /* Build configuration list for PBXNativeTarget "Dear Diary" */;
			buildPhases = (
				7C6741252A3635CD007DEBF3 /* Sources */,
				7C6741262A3635CD007DEBF3 /* Frameworks */,
				7C6741272A3635CD007DEBF3 /* Resources */,
				7C6741712A3B727C007DEBF3 /* Embed Frameworks */,
			);
			buildRules = (
			);
			dependencies = (
				7C67416B2A3B727C007DEBF3 /* PBXTargetDependency */,
				7C67418A2A3B9AE3007DEBF3 /* PBXTargetDependency */,
			);
			name = "Dear Diary";
			productName = "Dear Diary";
			productReference = 7C6741292A3635CD007DEBF3 /* Dear Diary.app */;
			productType = "com.apple.product-type.application";
		};
		7C6741652A3B727C007DEBF3 /* DearDiaryUIKit */ = {
			isa = PBXNativeTarget;
			buildConfigurationList = 7C67416E2A3B727C007DEBF3 /* Build configuration list for PBXNativeTarget "DearDiaryUIKit" */;
			buildPhases = (
				7C6741612A3B727C007DEBF3 /* Headers */,
				7C6741622A3B727C007DEBF3 /* Sources */,
				7C6741632A3B727C007DEBF3 /* Frameworks */,
				7C6741642A3B727C007DEBF3 /* Resources */,
			);
			buildRules = (
			);
			dependencies = (
			);
			name = DearDiaryUIKit;
			productName = DearDiaryUIKit;
			productReference = 7C6741662A3B727C007DEBF3 /* DearDiaryUIKit.framework */;
			productType = "com.apple.product-type.framework";
		};
		7C6741842A3B9AE3007DEBF3 /* DearDiaryStrings */ = {
			isa = PBXNativeTarget;
			buildConfigurationList = 7C67418F2A3B9AE3007DEBF3 /* Build configuration list for PBXNativeTarget "DearDiaryStrings" */;
			buildPhases = (
				7C6741802A3B9AE3007DEBF3 /* Headers */,
				7C6741812A3B9AE3007DEBF3 /* Sources */,
				7C6741822A3B9AE3007DEBF3 /* Frameworks */,
				7C6741832A3B9AE3007DEBF3 /* Resources */,
			);
			buildRules = (
			);
			dependencies = (
			);
			name = DearDiaryStrings;
			productName = DearDiaryStrings;
			productReference = 7C6741852A3B9AE3007DEBF3 /* DearDiaryStrings.framework */;
			productType = "com.apple.product-type.framework";
		};
/* End PBXNativeTarget section */

/* Begin PBXProject section */
		7C6741212A3635CD007DEBF3 /* Project object */ = {
			isa = PBXProject;
			attributes = {
				BuildIndependentTargetsInParallel = 1;
				LastSwiftUpdateCheck = 1430;
				LastUpgradeCheck = 1430;
				ORGANIZATIONNAME = "Dear Diary";
				TargetAttributes = {
					7C6741282A3635CD007DEBF3 = {
						CreatedOnToolsVersion = 14.3;
					};
					7C6741652A3B727C007DEBF3 = {
						CreatedOnToolsVersion = 14.3;
						LastSwiftMigration = 1430;
					};
					7C6741842A3B9AE3007DEBF3 = {
						CreatedOnToolsVersion = 14.3;
						LastSwiftMigration = 1430;
					};
				};
			};
			buildConfigurationList = 7C6741242A3635CD007DEBF3 /* Build configuration list for PBXProject "Dear Diary" */;
			compatibilityVersion = "Xcode 14.0";
			developmentRegion = en;
			hasScannedForEncodings = 0;
			knownRegions = (
				en,
				Base,
			);
			mainGroup = 7C6741202A3635CD007DEBF3;
			productRefGroup = 7C67412A2A3635CD007DEBF3 /* Products */;
			projectDirPath = "";
			projectRoot = "";
			targets = (
				7C6741282A3635CD007DEBF3 /* Dear Diary */,
				7C6741652A3B727C007DEBF3 /* DearDiaryUIKit */,
				7C6741842A3B9AE3007DEBF3 /* DearDiaryStrings */,
			);
		};
/* End PBXProject section */

/* Begin PBXResourcesBuildPhase section */
		7C6741272A3635CD007DEBF3 /* Resources */ = {
			isa = PBXResourcesBuildPhase;
			buildActionMask = 2147483647;
			files = (
				7C6741392A3635CE007DEBF3 /* LaunchScreen.storyboard in Resources */,
				7C6741602A3B722E007DEBF3 /* Registration.storyboard in Resources */,
				7C6741972A3BF3D0007DEBF3 /* OpenSans-Bold.ttf in Resources */,
				7C6741982A3BF3D0007DEBF3 /* OpenSans-Regular.ttf in Resources */,
				7C6741962A3BF3D0007DEBF3 /* OpenSans-SemiBold.ttf in Resources */,
				7C6741762A3B72F6007DEBF3 /* ColorAssets.xcassets in Resources */,
				7C6741362A3635CE007DEBF3 /* Assets.xcassets in Resources */,
			);
			runOnlyForDeploymentPostprocessing = 0;
		};
		7C6741642A3B727C007DEBF3 /* Resources */ = {
			isa = PBXResourcesBuildPhase;
			buildActionMask = 2147483647;
			files = (
			);
			runOnlyForDeploymentPostprocessing = 0;
		};
		7C6741832A3B9AE3007DEBF3 /* Resources */ = {
			isa = PBXResourcesBuildPhase;
			buildActionMask = 2147483647;
			files = (
			);
			runOnlyForDeploymentPostprocessing = 0;
		};
/* End PBXResourcesBuildPhase section */

/* Begin PBXSourcesBuildPhase section */
		7C6741252A3635CD007DEBF3 /* Sources */ = {
			isa = PBXSourcesBuildPhase;
			buildActionMask = 2147483647;
			files = (
				7C67415C2A3B71F3007DEBF3 /* SignUpViewController.swift in Sources */,
				7C67412D2A3635CD007DEBF3 /* AppDelegate.swift in Sources */,
				7C67412F2A3635CD007DEBF3 /* SceneDelegate.swift in Sources */,
				7C67419B2A3BF52E007DEBF3 /* Array+Extensions.swift in Sources */,
				7C67415E2A3B71FE007DEBF3 /* SignUpViewModel.swift in Sources */,
				7C6741422A3636C3007DEBF3 /* RootLauncher.swift in Sources */,
				7C3A4B272A3CC60D0066C969 /* UIImage+Extensions.swift in Sources */,
				7C67414E2A3652F6007DEBF3 /* Constants.swift in Sources */,
				7C6741492A364E2D007DEBF3 /* ViewLoadable.swift in Sources */,
			);
			runOnlyForDeploymentPostprocessing = 0;
		};
		7C6741622A3B727C007DEBF3 /* Sources */ = {
			isa = PBXSourcesBuildPhase;
			buildActionMask = 2147483647;
			files = (
				7C6741782A3B76BC007DEBF3 /* Fonts.swift in Sources */,
				7C6741742A3B728B007DEBF3 /* Colors.swift in Sources */,
			);
			runOnlyForDeploymentPostprocessing = 0;
		};
		7C6741812A3B9AE3007DEBF3 /* Sources */ = {
			isa = PBXSourcesBuildPhase;
			buildActionMask = 2147483647;
			files = (
				7C6741922A3B9AFA007DEBF3 /* Strings.swift in Sources */,
			);
			runOnlyForDeploymentPostprocessing = 0;
		};
/* End PBXSourcesBuildPhase section */

/* Begin PBXTargetDependency section */
		7C67416B2A3B727C007DEBF3 /* PBXTargetDependency */ = {
			isa = PBXTargetDependency;
			target = 7C6741652A3B727C007DEBF3 /* DearDiaryUIKit */;
			targetProxy = 7C67416A2A3B727C007DEBF3 /* PBXContainerItemProxy */;
		};
		7C67418A2A3B9AE3007DEBF3 /* PBXTargetDependency */ = {
			isa = PBXTargetDependency;
			target = 7C6741842A3B9AE3007DEBF3 /* DearDiaryStrings */;
			targetProxy = 7C6741892A3B9AE3007DEBF3 /* PBXContainerItemProxy */;
		};
/* End PBXTargetDependency section */

/* Begin PBXVariantGroup section */
		7C6741372A3635CE007DEBF3 /* LaunchScreen.storyboard */ = {
			isa = PBXVariantGroup;
			children = (
				7C6741382A3635CE007DEBF3 /* Base */,
			);
			name = LaunchScreen.storyboard;
			sourceTree = "<group>";
		};
/* End PBXVariantGroup section */

/* Begin XCBuildConfiguration section */
		7C67413B2A3635CE007DEBF3 /* Debug */ = {
			isa = XCBuildConfiguration;
			buildSettings = {
				ALWAYS_SEARCH_USER_PATHS = NO;
				CLANG_ANALYZER_NONNULL = YES;
				CLANG_ANALYZER_NUMBER_OBJECT_CONVERSION = YES_AGGRESSIVE;
				CLANG_CXX_LANGUAGE_STANDARD = "gnu++20";
				CLANG_ENABLE_MODULES = YES;
				CLANG_ENABLE_OBJC_ARC = YES;
				CLANG_ENABLE_OBJC_WEAK = YES;
				CLANG_WARN_BLOCK_CAPTURE_AUTORELEASING = YES;
				CLANG_WARN_BOOL_CONVERSION = YES;
				CLANG_WARN_COMMA = YES;
				CLANG_WARN_CONSTANT_CONVERSION = YES;
				CLANG_WARN_DEPRECATED_OBJC_IMPLEMENTATIONS = YES;
				CLANG_WARN_DIRECT_OBJC_ISA_USAGE = YES_ERROR;
				CLANG_WARN_DOCUMENTATION_COMMENTS = YES;
				CLANG_WARN_EMPTY_BODY = YES;
				CLANG_WARN_ENUM_CONVERSION = YES;
				CLANG_WARN_INFINITE_RECURSION = YES;
				CLANG_WARN_INT_CONVERSION = YES;
				CLANG_WARN_NON_LITERAL_NULL_CONVERSION = YES;
				CLANG_WARN_OBJC_IMPLICIT_RETAIN_SELF = YES;
				CLANG_WARN_OBJC_LITERAL_CONVERSION = YES;
				CLANG_WARN_OBJC_ROOT_CLASS = YES_ERROR;
				CLANG_WARN_QUOTED_INCLUDE_IN_FRAMEWORK_HEADER = YES;
				CLANG_WARN_RANGE_LOOP_ANALYSIS = YES;
				CLANG_WARN_STRICT_PROTOTYPES = YES;
				CLANG_WARN_SUSPICIOUS_MOVE = YES;
				CLANG_WARN_UNGUARDED_AVAILABILITY = YES_AGGRESSIVE;
				CLANG_WARN_UNREACHABLE_CODE = YES;
				CLANG_WARN__DUPLICATE_METHOD_MATCH = YES;
				COPY_PHASE_STRIP = NO;
				DEBUG_INFORMATION_FORMAT = dwarf;
				ENABLE_STRICT_OBJC_MSGSEND = YES;
				ENABLE_TESTABILITY = YES;
				GCC_C_LANGUAGE_STANDARD = gnu11;
				GCC_DYNAMIC_NO_PIC = NO;
				GCC_NO_COMMON_BLOCKS = YES;
				GCC_OPTIMIZATION_LEVEL = 0;
				GCC_PREPROCESSOR_DEFINITIONS = (
					"DEBUG=1",
					"$(inherited)",
				);
				GCC_WARN_64_TO_32_BIT_CONVERSION = YES;
				GCC_WARN_ABOUT_RETURN_TYPE = YES_ERROR;
				GCC_WARN_UNDECLARED_SELECTOR = YES;
				GCC_WARN_UNINITIALIZED_AUTOS = YES_AGGRESSIVE;
				GCC_WARN_UNUSED_FUNCTION = YES;
				GCC_WARN_UNUSED_VARIABLE = YES;
				IPHONEOS_DEPLOYMENT_TARGET = 16.4;
				MTL_ENABLE_DEBUG_INFO = INCLUDE_SOURCE;
				MTL_FAST_MATH = YES;
				ONLY_ACTIVE_ARCH = YES;
				SDKROOT = iphoneos;
				SWIFT_ACTIVE_COMPILATION_CONDITIONS = DEBUG;
				SWIFT_OPTIMIZATION_LEVEL = "-Onone";
			};
			name = Debug;
		};
		7C67413C2A3635CE007DEBF3 /* Release */ = {
			isa = XCBuildConfiguration;
			buildSettings = {
				ALWAYS_SEARCH_USER_PATHS = NO;
				CLANG_ANALYZER_NONNULL = YES;
				CLANG_ANALYZER_NUMBER_OBJECT_CONVERSION = YES_AGGRESSIVE;
				CLANG_CXX_LANGUAGE_STANDARD = "gnu++20";
				CLANG_ENABLE_MODULES = YES;
				CLANG_ENABLE_OBJC_ARC = YES;
				CLANG_ENABLE_OBJC_WEAK = YES;
				CLANG_WARN_BLOCK_CAPTURE_AUTORELEASING = YES;
				CLANG_WARN_BOOL_CONVERSION = YES;
				CLANG_WARN_COMMA = YES;
				CLANG_WARN_CONSTANT_CONVERSION = YES;
				CLANG_WARN_DEPRECATED_OBJC_IMPLEMENTATIONS = YES;
				CLANG_WARN_DIRECT_OBJC_ISA_USAGE = YES_ERROR;
				CLANG_WARN_DOCUMENTATION_COMMENTS = YES;
				CLANG_WARN_EMPTY_BODY = YES;
				CLANG_WARN_ENUM_CONVERSION = YES;
				CLANG_WARN_INFINITE_RECURSION = YES;
				CLANG_WARN_INT_CONVERSION = YES;
				CLANG_WARN_NON_LITERAL_NULL_CONVERSION = YES;
				CLANG_WARN_OBJC_IMPLICIT_RETAIN_SELF = YES;
				CLANG_WARN_OBJC_LITERAL_CONVERSION = YES;
				CLANG_WARN_OBJC_ROOT_CLASS = YES_ERROR;
				CLANG_WARN_QUOTED_INCLUDE_IN_FRAMEWORK_HEADER = YES;
				CLANG_WARN_RANGE_LOOP_ANALYSIS = YES;
				CLANG_WARN_STRICT_PROTOTYPES = YES;
				CLANG_WARN_SUSPICIOUS_MOVE = YES;
				CLANG_WARN_UNGUARDED_AVAILABILITY = YES_AGGRESSIVE;
				CLANG_WARN_UNREACHABLE_CODE = YES;
				CLANG_WARN__DUPLICATE_METHOD_MATCH = YES;
				COPY_PHASE_STRIP = NO;
				DEBUG_INFORMATION_FORMAT = "dwarf-with-dsym";
				ENABLE_NS_ASSERTIONS = NO;
				ENABLE_STRICT_OBJC_MSGSEND = YES;
				GCC_C_LANGUAGE_STANDARD = gnu11;
				GCC_NO_COMMON_BLOCKS = YES;
				GCC_WARN_64_TO_32_BIT_CONVERSION = YES;
				GCC_WARN_ABOUT_RETURN_TYPE = YES_ERROR;
				GCC_WARN_UNDECLARED_SELECTOR = YES;
				GCC_WARN_UNINITIALIZED_AUTOS = YES_AGGRESSIVE;
				GCC_WARN_UNUSED_FUNCTION = YES;
				GCC_WARN_UNUSED_VARIABLE = YES;
				IPHONEOS_DEPLOYMENT_TARGET = 16.4;
				MTL_ENABLE_DEBUG_INFO = NO;
				MTL_FAST_MATH = YES;
				SDKROOT = iphoneos;
				SWIFT_COMPILATION_MODE = wholemodule;
				SWIFT_OPTIMIZATION_LEVEL = "-O";
				VALIDATE_PRODUCT = YES;
			};
			name = Release;
		};
		7C67413E2A3635CE007DEBF3 /* Debug */ = {
			isa = XCBuildConfiguration;
			buildSettings = {
				ALWAYS_EMBED_SWIFT_STANDARD_LIBRARIES = YES;
				ASSETCATALOG_COMPILER_APPICON_NAME = AppIcon;
				ASSETCATALOG_COMPILER_GLOBAL_ACCENT_COLOR_NAME = AccentColor;
				CODE_SIGN_STYLE = Automatic;
				CURRENT_PROJECT_VERSION = 1;
				DEVELOPMENT_TEAM = XR8TS36N9S;
				GENERATE_INFOPLIST_FILE = YES;
				INFOPLIST_FILE = "Dear Diary/Info.plist";
				INFOPLIST_KEY_UIApplicationSupportsIndirectInputEvents = YES;
				INFOPLIST_KEY_UILaunchStoryboardName = LaunchScreen;
				INFOPLIST_KEY_UIMainStoryboardFile = LaunchScreen;
				INFOPLIST_KEY_UIRequiresFullScreen = YES;
				INFOPLIST_KEY_UISupportedInterfaceOrientations = "UIInterfaceOrientationPortrait UIInterfaceOrientationPortraitUpsideDown";
				IPHONEOS_DEPLOYMENT_TARGET = 14.0;
				LD_RUNPATH_SEARCH_PATHS = (
					"$(inherited)",
					"@executable_path/Frameworks",
				);
				MARKETING_VERSION = 1.0;
				PRODUCT_BUNDLE_IDENTIFIER = "com.deardiary.Dear-Diary";
				PRODUCT_NAME = "$(TARGET_NAME)";
				SWIFT_EMIT_LOC_STRINGS = YES;
				SWIFT_VERSION = 5.0;
				TARGETED_DEVICE_FAMILY = "1,2";
			};
			name = Debug;
		};
		7C67413F2A3635CE007DEBF3 /* Release */ = {
			isa = XCBuildConfiguration;
			buildSettings = {
				ALWAYS_EMBED_SWIFT_STANDARD_LIBRARIES = YES;
				ASSETCATALOG_COMPILER_APPICON_NAME = AppIcon;
				ASSETCATALOG_COMPILER_GLOBAL_ACCENT_COLOR_NAME = AccentColor;
				CODE_SIGN_STYLE = Automatic;
				CURRENT_PROJECT_VERSION = 1;
				DEVELOPMENT_TEAM = XR8TS36N9S;
				GENERATE_INFOPLIST_FILE = YES;
				INFOPLIST_FILE = "Dear Diary/Info.plist";
				INFOPLIST_KEY_UIApplicationSupportsIndirectInputEvents = YES;
				INFOPLIST_KEY_UILaunchStoryboardName = LaunchScreen;
				INFOPLIST_KEY_UIMainStoryboardFile = LaunchScreen;
				INFOPLIST_KEY_UIRequiresFullScreen = YES;
				INFOPLIST_KEY_UISupportedInterfaceOrientations = "UIInterfaceOrientationPortrait UIInterfaceOrientationPortraitUpsideDown";
				IPHONEOS_DEPLOYMENT_TARGET = 14.0;
				LD_RUNPATH_SEARCH_PATHS = (
					"$(inherited)",
					"@executable_path/Frameworks",
				);
				MARKETING_VERSION = 1.0;
				PRODUCT_BUNDLE_IDENTIFIER = "com.deardiary.Dear-Diary";
				PRODUCT_NAME = "$(TARGET_NAME)";
				SWIFT_EMIT_LOC_STRINGS = YES;
				SWIFT_VERSION = 5.0;
				TARGETED_DEVICE_FAMILY = "1,2";
			};
			name = Release;
		};
		7C67416F2A3B727C007DEBF3 /* Debug */ = {
			isa = XCBuildConfiguration;
			buildSettings = {
				CLANG_ENABLE_MODULES = YES;
				CODE_SIGN_STYLE = Automatic;
				CURRENT_PROJECT_VERSION = 1;
				DEFINES_MODULE = YES;
				DEVELOPMENT_TEAM = XR8TS36N9S;
				DYLIB_COMPATIBILITY_VERSION = 1;
				DYLIB_CURRENT_VERSION = 1;
				DYLIB_INSTALL_NAME_BASE = "@rpath";
				ENABLE_MODULE_VERIFIER = YES;
				GENERATE_INFOPLIST_FILE = YES;
				INFOPLIST_KEY_NSHumanReadableCopyright = "Copyright © 2023 Dear Diary. All rights reserved.";
				INSTALL_PATH = "$(LOCAL_LIBRARY_DIR)/Frameworks";
				IPHONEOS_DEPLOYMENT_TARGET = 14.0;
				LD_RUNPATH_SEARCH_PATHS = (
					"$(inherited)",
					"@executable_path/Frameworks",
					"@loader_path/Frameworks",
				);
				MARKETING_VERSION = 1.0;
				MODULE_VERIFIER_SUPPORTED_LANGUAGES = "objective-c objective-c++";
				MODULE_VERIFIER_SUPPORTED_LANGUAGE_STANDARDS = "gnu11 gnu++20";
				PRODUCT_BUNDLE_IDENTIFIER = com.deardiary.DearDiaryUIKit;
				PRODUCT_NAME = "$(TARGET_NAME:c99extidentifier)";
				SKIP_INSTALL = YES;
				SWIFT_EMIT_LOC_STRINGS = YES;
				SWIFT_OPTIMIZATION_LEVEL = "-Onone";
				SWIFT_VERSION = 5.0;
				TARGETED_DEVICE_FAMILY = "1,2";
				VERSIONING_SYSTEM = "apple-generic";
				VERSION_INFO_PREFIX = "";
			};
			name = Debug;
		};
		7C6741702A3B727C007DEBF3 /* Release */ = {
			isa = XCBuildConfiguration;
			buildSettings = {
				CLANG_ENABLE_MODULES = YES;
				CODE_SIGN_STYLE = Automatic;
				CURRENT_PROJECT_VERSION = 1;
				DEFINES_MODULE = YES;
				DEVELOPMENT_TEAM = XR8TS36N9S;
				DYLIB_COMPATIBILITY_VERSION = 1;
				DYLIB_CURRENT_VERSION = 1;
				DYLIB_INSTALL_NAME_BASE = "@rpath";
				ENABLE_MODULE_VERIFIER = YES;
				GENERATE_INFOPLIST_FILE = YES;
				INFOPLIST_KEY_NSHumanReadableCopyright = "Copyright © 2023 Dear Diary. All rights reserved.";
				INSTALL_PATH = "$(LOCAL_LIBRARY_DIR)/Frameworks";
				IPHONEOS_DEPLOYMENT_TARGET = 14.0;
				LD_RUNPATH_SEARCH_PATHS = (
					"$(inherited)",
					"@executable_path/Frameworks",
					"@loader_path/Frameworks",
				);
				MARKETING_VERSION = 1.0;
				MODULE_VERIFIER_SUPPORTED_LANGUAGES = "objective-c objective-c++";
				MODULE_VERIFIER_SUPPORTED_LANGUAGE_STANDARDS = "gnu11 gnu++20";
				PRODUCT_BUNDLE_IDENTIFIER = com.deardiary.DearDiaryUIKit;
				PRODUCT_NAME = "$(TARGET_NAME:c99extidentifier)";
				SKIP_INSTALL = YES;
				SWIFT_EMIT_LOC_STRINGS = YES;
				SWIFT_VERSION = 5.0;
				TARGETED_DEVICE_FAMILY = "1,2";
				VERSIONING_SYSTEM = "apple-generic";
				VERSION_INFO_PREFIX = "";
			};
			name = Release;
		};
		7C67418D2A3B9AE3007DEBF3 /* Debug */ = {
			isa = XCBuildConfiguration;
			buildSettings = {
				CLANG_ENABLE_MODULES = YES;
				CODE_SIGN_STYLE = Automatic;
				CURRENT_PROJECT_VERSION = 1;
				DEFINES_MODULE = YES;
				DEVELOPMENT_TEAM = XR8TS36N9S;
				DYLIB_COMPATIBILITY_VERSION = 1;
				DYLIB_CURRENT_VERSION = 1;
				DYLIB_INSTALL_NAME_BASE = "@rpath";
				ENABLE_MODULE_VERIFIER = YES;
				GENERATE_INFOPLIST_FILE = YES;
				INFOPLIST_KEY_NSHumanReadableCopyright = "Copyright © 2023 Dear Diary. All rights reserved.";
				INSTALL_PATH = "$(LOCAL_LIBRARY_DIR)/Frameworks";
				IPHONEOS_DEPLOYMENT_TARGET = 14.0;
				LD_RUNPATH_SEARCH_PATHS = (
					"$(inherited)",
					"@executable_path/Frameworks",
					"@loader_path/Frameworks",
				);
				MARKETING_VERSION = 1.0;
				MODULE_VERIFIER_SUPPORTED_LANGUAGES = "objective-c objective-c++";
				MODULE_VERIFIER_SUPPORTED_LANGUAGE_STANDARDS = "gnu11 gnu++20";
				PRODUCT_BUNDLE_IDENTIFIER = com.deardiary.DearDiaryStrings;
				PRODUCT_NAME = "$(TARGET_NAME:c99extidentifier)";
				SKIP_INSTALL = YES;
				SWIFT_EMIT_LOC_STRINGS = YES;
				SWIFT_OPTIMIZATION_LEVEL = "-Onone";
				SWIFT_VERSION = 5.0;
				TARGETED_DEVICE_FAMILY = "1,2";
				VERSIONING_SYSTEM = "apple-generic";
				VERSION_INFO_PREFIX = "";
			};
			name = Debug;
		};
		7C67418E2A3B9AE3007DEBF3 /* Release */ = {
			isa = XCBuildConfiguration;
			buildSettings = {
				CLANG_ENABLE_MODULES = YES;
				CODE_SIGN_STYLE = Automatic;
				CURRENT_PROJECT_VERSION = 1;
				DEFINES_MODULE = YES;
				DEVELOPMENT_TEAM = XR8TS36N9S;
				DYLIB_COMPATIBILITY_VERSION = 1;
				DYLIB_CURRENT_VERSION = 1;
				DYLIB_INSTALL_NAME_BASE = "@rpath";
				ENABLE_MODULE_VERIFIER = YES;
				GENERATE_INFOPLIST_FILE = YES;
				INFOPLIST_KEY_NSHumanReadableCopyright = "Copyright © 2023 Dear Diary. All rights reserved.";
				INSTALL_PATH = "$(LOCAL_LIBRARY_DIR)/Frameworks";
				IPHONEOS_DEPLOYMENT_TARGET = 14.0;
				LD_RUNPATH_SEARCH_PATHS = (
					"$(inherited)",
					"@executable_path/Frameworks",
					"@loader_path/Frameworks",
				);
				MARKETING_VERSION = 1.0;
				MODULE_VERIFIER_SUPPORTED_LANGUAGES = "objective-c objective-c++";
				MODULE_VERIFIER_SUPPORTED_LANGUAGE_STANDARDS = "gnu11 gnu++20";
				PRODUCT_BUNDLE_IDENTIFIER = com.deardiary.DearDiaryStrings;
				PRODUCT_NAME = "$(TARGET_NAME:c99extidentifier)";
				SKIP_INSTALL = YES;
				SWIFT_EMIT_LOC_STRINGS = YES;
				SWIFT_VERSION = 5.0;
				TARGETED_DEVICE_FAMILY = "1,2";
				VERSIONING_SYSTEM = "apple-generic";
				VERSION_INFO_PREFIX = "";
			};
			name = Release;
		};
/* End XCBuildConfiguration section */

/* Begin XCConfigurationList section */
		7C6741242A3635CD007DEBF3 /* Build configuration list for PBXProject "Dear Diary" */ = {
			isa = XCConfigurationList;
			buildConfigurations = (
				7C67413B2A3635CE007DEBF3 /* Debug */,
				7C67413C2A3635CE007DEBF3 /* Release */,
			);
			defaultConfigurationIsVisible = 0;
			defaultConfigurationName = Release;
		};
		7C67413D2A3635CE007DEBF3 /* Build configuration list for PBXNativeTarget "Dear Diary" */ = {
			isa = XCConfigurationList;
			buildConfigurations = (
				7C67413E2A3635CE007DEBF3 /* Debug */,
				7C67413F2A3635CE007DEBF3 /* Release */,
			);
			defaultConfigurationIsVisible = 0;
			defaultConfigurationName = Release;
		};
		7C67416E2A3B727C007DEBF3 /* Build configuration list for PBXNativeTarget "DearDiaryUIKit" */ = {
			isa = XCConfigurationList;
			buildConfigurations = (
				7C67416F2A3B727C007DEBF3 /* Debug */,
				7C6741702A3B727C007DEBF3 /* Release */,
			);
			defaultConfigurationIsVisible = 0;
			defaultConfigurationName = Release;
		};
		7C67418F2A3B9AE3007DEBF3 /* Build configuration list for PBXNativeTarget "DearDiaryStrings" */ = {
			isa = XCConfigurationList;
			buildConfigurations = (
				7C67418D2A3B9AE3007DEBF3 /* Debug */,
				7C67418E2A3B9AE3007DEBF3 /* Release */,
			);
			defaultConfigurationIsVisible = 0;
			defaultConfigurationName = Release;
		};
/* End XCConfigurationList section */
	};
	rootObject = 7C6741212A3635CD007DEBF3 /* Project object */;
}
