// !$*UTF8*$!
{
	archiveVersion = 1;
	classes = {
	};
	objectVersion = 56;
	objects = {

/* Begin PBXBuildFile section */
		4F959E2FC0020103CA4D14B5 /* Pods_DearDiaryStrings.framework in Frameworks */ = {isa = PBXBuildFile; fileRef = FDBE6A5699F785082AD1334E /* Pods_DearDiaryStrings.framework */; };
		7C28A7B42A4E077C0068B89A /* RegisterViewController.swift in Sources */ = {isa = PBXBuildFile; fileRef = 7C28A7B32A4E077C0068B89A /* RegisterViewController.swift */; };
		7C28A7B62A4E07950068B89A /* RegisterViewModel.swift in Sources */ = {isa = PBXBuildFile; fileRef = 7C28A7B52A4E07950068B89A /* RegisterViewModel.swift */; };
		7C28A7B82A4E8CB90068B89A /* UIButton+Extensions.swift in Sources */ = {isa = PBXBuildFile; fileRef = 7C28A7B72A4E8CB90068B89A /* UIButton+Extensions.swift */; };
		7C28A7BB2A4E955D0068B89A /* TabBarView.swift in Sources */ = {isa = PBXBuildFile; fileRef = 7C28A7BA2A4E955D0068B89A /* TabBarView.swift */; };
		7C28A7BD2A4E95690068B89A /* TabBarViewModel.swift in Sources */ = {isa = PBXBuildFile; fileRef = 7C28A7BC2A4E95690068B89A /* TabBarViewModel.swift */; };
		7C28A7C02A4EA3920068B89A /* FoldersViewController.swift in Sources */ = {isa = PBXBuildFile; fileRef = 7C28A7BF2A4EA3920068B89A /* FoldersViewController.swift */; };
		7C28A7C22A4EA3AE0068B89A /* FoldersViewModel.swift in Sources */ = {isa = PBXBuildFile; fileRef = 7C28A7C12A4EA3AE0068B89A /* FoldersViewModel.swift */; };
		7C28A7C52A4EA6C80068B89A /* GridViewModel.swift in Sources */ = {isa = PBXBuildFile; fileRef = 7C28A7C42A4EA6C80068B89A /* GridViewModel.swift */; };
		7C28A7C72A4EA6DE0068B89A /* GridViewController.swift in Sources */ = {isa = PBXBuildFile; fileRef = 7C28A7C62A4EA6DE0068B89A /* GridViewController.swift */; };
		7C28A7CB2A4F3D9D0068B89A /* CalendarViewController.swift in Sources */ = {isa = PBXBuildFile; fileRef = 7C28A7CA2A4F3D9D0068B89A /* CalendarViewController.swift */; };
		7C28A7CD2A4F3DA90068B89A /* CalendarViewModel.swift in Sources */ = {isa = PBXBuildFile; fileRef = 7C28A7CC2A4F3DA90068B89A /* CalendarViewModel.swift */; };
		7C28A7CF2A4F3E3E0068B89A /* SettingsViewModel.swift in Sources */ = {isa = PBXBuildFile; fileRef = 7C28A7CE2A4F3E3E0068B89A /* SettingsViewModel.swift */; };
		7C28A7D12A4F3E570068B89A /* SettingsViewController.swift in Sources */ = {isa = PBXBuildFile; fileRef = 7C28A7D02A4F3E570068B89A /* SettingsViewController.swift */; };
		7C28A7D32A4FAABC0068B89A /* TabBar.storyboard in Resources */ = {isa = PBXBuildFile; fileRef = 7C28A7D22A4FAABC0068B89A /* TabBar.storyboard */; };
		7C28A7D82A4FCF2B0068B89A /* HomeViewController.swift in Sources */ = {isa = PBXBuildFile; fileRef = 7C28A7D72A4FCF2B0068B89A /* HomeViewController.swift */; };
		7C28A7DA2A4FCF400068B89A /* HomeViewModel.swift in Sources */ = {isa = PBXBuildFile; fileRef = 7C28A7D92A4FCF400068B89A /* HomeViewModel.swift */; };
		7C28A7DE2A50D3930068B89A /* DateCollectionViewCell.swift in Sources */ = {isa = PBXBuildFile; fileRef = 7C28A7DD2A50D3930068B89A /* DateCollectionViewCell.swift */; };
		7C28A7E02A50D4350068B89A /* DateCollectionViewCell.xib in Resources */ = {isa = PBXBuildFile; fileRef = 7C28A7DF2A50D4350068B89A /* DateCollectionViewCell.xib */; };
		7C28A7E22A50EF600068B89A /* DateCellViewModel.swift in Sources */ = {isa = PBXBuildFile; fileRef = 7C28A7E12A50EF600068B89A /* DateCellViewModel.swift */; };
		7C28A7E62A522F190068B89A /* DaysCollectionReusableView.swift in Sources */ = {isa = PBXBuildFile; fileRef = 7C28A7E42A522F190068B89A /* DaysCollectionReusableView.swift */; };
		7C28A7E72A522F190068B89A /* DaysCollectionReusableView.xib in Resources */ = {isa = PBXBuildFile; fileRef = 7C28A7E52A522F190068B89A /* DaysCollectionReusableView.xib */; };
		7C59C10B2A70524C000D65BE /* NoteViewController.swift in Sources */ = {isa = PBXBuildFile; fileRef = 7C59C10A2A70524C000D65BE /* NoteViewController.swift */; };
		7C59C10D2A70525A000D65BE /* NoteViewModel.swift in Sources */ = {isa = PBXBuildFile; fileRef = 7C59C10C2A70525A000D65BE /* NoteViewModel.swift */; };
		7C59C10F2A705740000D65BE /* UIViewController+Extensions.swift in Sources */ = {isa = PBXBuildFile; fileRef = 7C59C10E2A705740000D65BE /* UIViewController+Extensions.swift */; };
		7C59C1172A722B1E000D65BE /* FormattingOptionsView.swift in Sources */ = {isa = PBXBuildFile; fileRef = 7C59C1162A722B1E000D65BE /* FormattingOptionsView.swift */; };
		7C59C11B2A722C54000D65BE /* FormattingOptionsViewModel.swift in Sources */ = {isa = PBXBuildFile; fileRef = 7C59C11A2A722C54000D65BE /* FormattingOptionsViewModel.swift */; };
		7C59C11E2A72E6E5000D65BE /* TextFormattingOptionsView.swift in Sources */ = {isa = PBXBuildFile; fileRef = 7C59C11D2A72E6E5000D65BE /* TextFormattingOptionsView.swift */; };
		7C59C1202A72E6FF000D65BE /* TextFormattingOptionsView.xib in Resources */ = {isa = PBXBuildFile; fileRef = 7C59C11F2A72E6FF000D65BE /* TextFormattingOptionsView.xib */; };
		7C59C1222A72EA07000D65BE /* TextFormattingOptionsViewModel.swift in Sources */ = {isa = PBXBuildFile; fileRef = 7C59C1212A72EA07000D65BE /* TextFormattingOptionsViewModel.swift */; };
		7C59C1242A72FD4A000D65BE /* NotoSansMono-Regular.ttf in Resources */ = {isa = PBXBuildFile; fileRef = 7C59C1232A72FD48000D65BE /* NotoSansMono-Regular.ttf */; };
		7C59C1272A72FE5D000D65BE /* OpenSans-Italic.ttf in Resources */ = {isa = PBXBuildFile; fileRef = 7C59C1252A72FE5D000D65BE /* OpenSans-Italic.ttf */; };
		7C59C1282A72FE5D000D65BE /* OpenSans-BoldItalic.ttf in Resources */ = {isa = PBXBuildFile; fileRef = 7C59C1262A72FE5D000D65BE /* OpenSans-BoldItalic.ttf */; };
		7C59C12A2A730629000D65BE /* NotoSansMono-Bold.ttf in Resources */ = {isa = PBXBuildFile; fileRef = 7C59C1292A730629000D65BE /* NotoSansMono-Bold.ttf */; };
		7C66F95B2A645AB800D2B48A /* TitleHeaderView.swift in Sources */ = {isa = PBXBuildFile; fileRef = 7C66F95A2A645AB800D2B48A /* TitleHeaderView.swift */; };
		7C66F95F2A645D4F00D2B48A /* ThemeTableViewCell.swift in Sources */ = {isa = PBXBuildFile; fileRef = 7C66F95D2A645D4F00D2B48A /* ThemeTableViewCell.swift */; };
		7C66F9602A645D4F00D2B48A /* ThemeTableViewCell.xib in Resources */ = {isa = PBXBuildFile; fileRef = 7C66F95E2A645D4F00D2B48A /* ThemeTableViewCell.xib */; };
		7C66F9622A6460F700D2B48A /* ThemeCellViewModel.swift in Sources */ = {isa = PBXBuildFile; fileRef = 7C66F9612A6460F700D2B48A /* ThemeCellViewModel.swift */; };
		7C66F9642A64706E00D2B48A /* LocalStorage.swift in Sources */ = {isa = PBXBuildFile; fileRef = 7C66F9632A64706E00D2B48A /* LocalStorage.swift */; };
		7C67412D2A3635CD007DEBF3 /* AppDelegate.swift in Sources */ = {isa = PBXBuildFile; fileRef = 7C67412C2A3635CD007DEBF3 /* AppDelegate.swift */; };
		7C67412F2A3635CD007DEBF3 /* SceneDelegate.swift in Sources */ = {isa = PBXBuildFile; fileRef = 7C67412E2A3635CD007DEBF3 /* SceneDelegate.swift */; };
		7C6741362A3635CE007DEBF3 /* Assets.xcassets in Resources */ = {isa = PBXBuildFile; fileRef = 7C6741352A3635CE007DEBF3 /* Assets.xcassets */; };
		7C6741392A3635CE007DEBF3 /* LaunchScreen.storyboard in Resources */ = {isa = PBXBuildFile; fileRef = 7C6741372A3635CE007DEBF3 /* LaunchScreen.storyboard */; };
		7C6741422A3636C3007DEBF3 /* RootLauncher.swift in Sources */ = {isa = PBXBuildFile; fileRef = 7C6741412A3636C3007DEBF3 /* RootLauncher.swift */; };
		7C67414E2A3652F6007DEBF3 /* Constants.swift in Sources */ = {isa = PBXBuildFile; fileRef = 7C67414D2A3652F6007DEBF3 /* Constants.swift */; };
		7C6741692A3B727C007DEBF3 /* DearDiaryUIKit.h in Headers */ = {isa = PBXBuildFile; fileRef = 7C6741682A3B727C007DEBF3 /* DearDiaryUIKit.h */; settings = {ATTRIBUTES = (Public, ); }; };
		7C67416C2A3B727C007DEBF3 /* DearDiaryUIKit.framework in Frameworks */ = {isa = PBXBuildFile; fileRef = 7C6741662A3B727C007DEBF3 /* DearDiaryUIKit.framework */; };
		7C67416D2A3B727C007DEBF3 /* DearDiaryUIKit.framework in Embed Frameworks */ = {isa = PBXBuildFile; fileRef = 7C6741662A3B727C007DEBF3 /* DearDiaryUIKit.framework */; settings = {ATTRIBUTES = (CodeSignOnCopy, RemoveHeadersOnCopy, ); }; };
		7C6741742A3B728B007DEBF3 /* Colors.swift in Sources */ = {isa = PBXBuildFile; fileRef = 7C6741732A3B728B007DEBF3 /* Colors.swift */; };
		7C6741762A3B72F6007DEBF3 /* ColorAssets.xcassets in Resources */ = {isa = PBXBuildFile; fileRef = 7C6741752A3B72F6007DEBF3 /* ColorAssets.xcassets */; };
		7C6741782A3B76BC007DEBF3 /* Fonts.swift in Sources */ = {isa = PBXBuildFile; fileRef = 7C6741772A3B76BC007DEBF3 /* Fonts.swift */; };
		7C6741882A3B9AE3007DEBF3 /* DearDiaryStrings.h in Headers */ = {isa = PBXBuildFile; fileRef = 7C6741872A3B9AE3007DEBF3 /* DearDiaryStrings.h */; settings = {ATTRIBUTES = (Public, ); }; };
		7C67418B2A3B9AE3007DEBF3 /* DearDiaryStrings.framework in Frameworks */ = {isa = PBXBuildFile; fileRef = 7C6741852A3B9AE3007DEBF3 /* DearDiaryStrings.framework */; };
		7C67418C2A3B9AE3007DEBF3 /* DearDiaryStrings.framework in Embed Frameworks */ = {isa = PBXBuildFile; fileRef = 7C6741852A3B9AE3007DEBF3 /* DearDiaryStrings.framework */; settings = {ATTRIBUTES = (CodeSignOnCopy, RemoveHeadersOnCopy, ); }; };
		7C6741922A3B9AFA007DEBF3 /* Strings.swift in Sources */ = {isa = PBXBuildFile; fileRef = 7C6741912A3B9AFA007DEBF3 /* Strings.swift */; };
		7C6741962A3BF3D0007DEBF3 /* OpenSans-SemiBold.ttf in Resources */ = {isa = PBXBuildFile; fileRef = 7C6741932A3BF3D0007DEBF3 /* OpenSans-SemiBold.ttf */; };
		7C6741972A3BF3D0007DEBF3 /* OpenSans-Bold.ttf in Resources */ = {isa = PBXBuildFile; fileRef = 7C6741942A3BF3D0007DEBF3 /* OpenSans-Bold.ttf */; };
		7C6741982A3BF3D0007DEBF3 /* OpenSans-Regular.ttf in Resources */ = {isa = PBXBuildFile; fileRef = 7C6741952A3BF3D0007DEBF3 /* OpenSans-Regular.ttf */; };
		7C8CD2482A6048050063A3A7 /* UserMockData.json in Resources */ = {isa = PBXBuildFile; fileRef = 7C8CD2472A6048050063A3A7 /* UserMockData.json */; };
		7C8CD24B2A604DD60063A3A7 /* User.swift in Sources */ = {isa = PBXBuildFile; fileRef = 7C8CD24A2A604DD60063A3A7 /* User.swift */; };
		7C8CD2512A604FF20063A3A7 /* JSONable.swift in Sources */ = {isa = PBXBuildFile; fileRef = 7C8CD2502A604FF20063A3A7 /* JSONable.swift */; };
		7C8CD2552A6053270063A3A7 /* AuthStore.swift in Sources */ = {isa = PBXBuildFile; fileRef = 7C8CD2542A6053270063A3A7 /* AuthStore.swift */; };
		7C8CD2582A62EED10063A3A7 /* Otp.swift in Sources */ = {isa = PBXBuildFile; fileRef = 7C8CD2572A62EED10063A3A7 /* Otp.swift */; };
		7C8CD25D2A630B8B0063A3A7 /* OtpTextField.swift in Sources */ = {isa = PBXBuildFile; fileRef = 7C8CD25C2A630B8B0063A3A7 /* OtpTextField.swift */; };
		7C8CD25F2A6310BC0063A3A7 /* UIView+Extensions.swift in Sources */ = {isa = PBXBuildFile; fileRef = 7C8CD25E2A6310BC0063A3A7 /* UIView+Extensions.swift */; };
		7C8CD2612A6313CC0063A3A7 /* OtpMockData.json in Resources */ = {isa = PBXBuildFile; fileRef = 7C8CD2602A6313CC0063A3A7 /* OtpMockData.json */; };
		7C8CD2642A632CCC0063A3A7 /* Folder.swift in Sources */ = {isa = PBXBuildFile; fileRef = 7C8CD2632A632CCC0063A3A7 /* Folder.swift */; };
		7C8CD2662A632E840063A3A7 /* FoldersMockData.json in Resources */ = {isa = PBXBuildFile; fileRef = 7C8CD2652A632E840063A3A7 /* FoldersMockData.json */; };
		7C8CD26A2A6330B60063A3A7 /* FolderTableViewCell.swift in Sources */ = {isa = PBXBuildFile; fileRef = 7C8CD2682A6330B60063A3A7 /* FolderTableViewCell.swift */; };
		7C8CD26B2A6330B60063A3A7 /* FolderTableViewCell.xib in Resources */ = {isa = PBXBuildFile; fileRef = 7C8CD2692A6330B60063A3A7 /* FolderTableViewCell.xib */; };
		7C8CD26D2A6333660063A3A7 /* FolderCellViewModel.swift in Sources */ = {isa = PBXBuildFile; fileRef = 7C8CD26C2A6333660063A3A7 /* FolderCellViewModel.swift */; };
		7C8CD2702A6345A90063A3A7 /* SplashViewController.swift in Sources */ = {isa = PBXBuildFile; fileRef = 7C8CD26F2A6345A90063A3A7 /* SplashViewController.swift */; };
		7C8CD2722A6345FC0063A3A7 /* SplashViewModel.swift in Sources */ = {isa = PBXBuildFile; fileRef = 7C8CD2712A6345FC0063A3A7 /* SplashViewModel.swift */; };
		7C8CD2742A6346960063A3A7 /* Splash.storyboard in Resources */ = {isa = PBXBuildFile; fileRef = 7C8CD2732A6346960063A3A7 /* Splash.storyboard */; };
		7C8CD2772A634D0B0063A3A7 /* NotesViewController.swift in Sources */ = {isa = PBXBuildFile; fileRef = 7C8CD2762A634D0B0063A3A7 /* NotesViewController.swift */; };
		7C8CD2792A634D160063A3A7 /* NotesViewModel.swift in Sources */ = {isa = PBXBuildFile; fileRef = 7C8CD2782A634D160063A3A7 /* NotesViewModel.swift */; };
		7C8CD27C2A634D730063A3A7 /* Note.swift in Sources */ = {isa = PBXBuildFile; fileRef = 7C8CD27B2A634D730063A3A7 /* Note.swift */; };
		7C8CD27E2A634DC40063A3A7 /* NotesMockData.json in Resources */ = {isa = PBXBuildFile; fileRef = 7C8CD27D2A634DC40063A3A7 /* NotesMockData.json */; };
		7C8CD2812A6354110063A3A7 /* NoteCollectionViewCell.swift in Sources */ = {isa = PBXBuildFile; fileRef = 7C8CD2802A6354110063A3A7 /* NoteCollectionViewCell.swift */; };
		7C8CD2842A635A710063A3A7 /* Home.storyboard in Resources */ = {isa = PBXBuildFile; fileRef = 7C8CD2832A635A710063A3A7 /* Home.storyboard */; };
		7C8CD2882A63772F0063A3A7 /* NoteCellViewModel.swift in Sources */ = {isa = PBXBuildFile; fileRef = 7C8CD2872A63772F0063A3A7 /* NoteCellViewModel.swift */; };
		7C8CD28C2A637CAE0063A3A7 /* TitleCollectionReusableView.swift in Sources */ = {isa = PBXBuildFile; fileRef = 7C8CD28B2A637CAE0063A3A7 /* TitleCollectionReusableView.swift */; };
		7C8CD28E2A637EE80063A3A7 /* String+Extensions.swift in Sources */ = {isa = PBXBuildFile; fileRef = 7C8CD28D2A637EE80063A3A7 /* String+Extensions.swift */; };
		7CADF8322A3E5A8C005344E3 /* KeyboardObservable.swift in Sources */ = {isa = PBXBuildFile; fileRef = 7CADF8312A3E5A8C005344E3 /* KeyboardObservable.swift */; };
		7CADF8482A3EA634005344E3 /* DearDiaryImages.h in Headers */ = {isa = PBXBuildFile; fileRef = 7CADF8472A3EA634005344E3 /* DearDiaryImages.h */; settings = {ATTRIBUTES = (Public, ); }; };
		7CADF84B2A3EA634005344E3 /* DearDiaryImages.framework in Frameworks */ = {isa = PBXBuildFile; fileRef = 7CADF8452A3EA634005344E3 /* DearDiaryImages.framework */; };
		7CADF84C2A3EA634005344E3 /* DearDiaryImages.framework in Embed Frameworks */ = {isa = PBXBuildFile; fileRef = 7CADF8452A3EA634005344E3 /* DearDiaryImages.framework */; settings = {ATTRIBUTES = (CodeSignOnCopy, RemoveHeadersOnCopy, ); }; };
		7CADF8522A3EA656005344E3 /* Images.swift in Sources */ = {isa = PBXBuildFile; fileRef = 7CADF8512A3EA656005344E3 /* Images.swift */; };
		7CADF8542A3EB323005344E3 /* Array+Extensions.swift in Sources */ = {isa = PBXBuildFile; fileRef = 7C67419A2A3BF52E007DEBF3 /* Array+Extensions.swift */; };
		7CADF8552A3EB64E005344E3 /* ViewLoadable.swift in Sources */ = {isa = PBXBuildFile; fileRef = 7C6741482A364E2D007DEBF3 /* ViewLoadable.swift */; };
		7CADF8582A3EB71E005344E3 /* BaseTabBarViewController.swift in Sources */ = {isa = PBXBuildFile; fileRef = 7CADF8572A3EB71E005344E3 /* BaseTabBarViewController.swift */; };
		7CADF85A2A3EB743005344E3 /* BaseTabBarViewModel.swift in Sources */ = {isa = PBXBuildFile; fileRef = 7CADF8592A3EB743005344E3 /* BaseTabBarViewModel.swift */; };
		7CADF8602A3F6640005344E3 /* UIImage+Extensions.swift in Sources */ = {isa = PBXBuildFile; fileRef = 7CADF85F2A3F6640005344E3 /* UIImage+Extensions.swift */; };
		A26A543321F8D6E90388D961 /* Pods_DearDiaryUIKit.framework in Frameworks */ = {isa = PBXBuildFile; fileRef = 0BD53FCD07FC041C14C41637 /* Pods_DearDiaryUIKit.framework */; };
		AB3E6F25D1B108E0C9F0803D /* Pods_DearDiaryImages.framework in Frameworks */ = {isa = PBXBuildFile; fileRef = 3848E169443050605FEC2608 /* Pods_DearDiaryImages.framework */; };
		BCE1ED877EC5B615C88F4A25 /* Pods_Dear_Diary.framework in Frameworks */ = {isa = PBXBuildFile; fileRef = 3E6B9F1406F5502F0384CCE1 /* Pods_Dear_Diary.framework */; };
		CC18E87F2A4F3DA2004CA479 /* OtpViewController.swift in Sources */ = {isa = PBXBuildFile; fileRef = CC18E87E2A4F3DA2004CA479 /* OtpViewController.swift */; };
		CC7EE86C2A3CE828005FB9F1 /* Registration.storyboard in Resources */ = {isa = PBXBuildFile; fileRef = CC7EE86B2A3CE828005FB9F1 /* Registration.storyboard */; };
/* End PBXBuildFile section */

/* Begin PBXContainerItemProxy section */
		7C67416A2A3B727C007DEBF3 /* PBXContainerItemProxy */ = {
			isa = PBXContainerItemProxy;
			containerPortal = 7C6741212A3635CD007DEBF3 /* Project object */;
			proxyType = 1;
			remoteGlobalIDString = 7C6741652A3B727C007DEBF3;
			remoteInfo = DearDiaryUIKit;
		};
		7C6741892A3B9AE3007DEBF3 /* PBXContainerItemProxy */ = {
			isa = PBXContainerItemProxy;
			containerPortal = 7C6741212A3635CD007DEBF3 /* Project object */;
			proxyType = 1;
			remoteGlobalIDString = 7C6741842A3B9AE3007DEBF3;
			remoteInfo = DearDiaryStrings;
		};
		7CADF8492A3EA634005344E3 /* PBXContainerItemProxy */ = {
			isa = PBXContainerItemProxy;
			containerPortal = 7C6741212A3635CD007DEBF3 /* Project object */;
			proxyType = 1;
			remoteGlobalIDString = 7CADF8442A3EA634005344E3;
			remoteInfo = DearDiaryImages;
		};
/* End PBXContainerItemProxy section */

/* Begin PBXCopyFilesBuildPhase section */
		7C6741712A3B727C007DEBF3 /* Embed Frameworks */ = {
			isa = PBXCopyFilesBuildPhase;
			buildActionMask = 2147483647;
			dstPath = "";
			dstSubfolderSpec = 10;
			files = (
				7C67416D2A3B727C007DEBF3 /* DearDiaryUIKit.framework in Embed Frameworks */,
				7C67418C2A3B9AE3007DEBF3 /* DearDiaryStrings.framework in Embed Frameworks */,
				7CADF84C2A3EA634005344E3 /* DearDiaryImages.framework in Embed Frameworks */,
			);
			name = "Embed Frameworks";
			runOnlyForDeploymentPostprocessing = 0;
		};
/* End PBXCopyFilesBuildPhase section */

/* Begin PBXFileReference section */
		0BD53FCD07FC041C14C41637 /* Pods_DearDiaryUIKit.framework */ = {isa = PBXFileReference; explicitFileType = wrapper.framework; includeInIndex = 0; path = Pods_DearDiaryUIKit.framework; sourceTree = BUILT_PRODUCTS_DIR; };
		21D642181D2650675BF9DD58 /* Pods-Dear Diary.release.xcconfig */ = {isa = PBXFileReference; includeInIndex = 1; lastKnownFileType = text.xcconfig; name = "Pods-Dear Diary.release.xcconfig"; path = "Target Support Files/Pods-Dear Diary/Pods-Dear Diary.release.xcconfig"; sourceTree = "<group>"; };
		2A951F603274C2B87C1BB90C /* Pods-DearDiaryImages.release.xcconfig */ = {isa = PBXFileReference; includeInIndex = 1; lastKnownFileType = text.xcconfig; name = "Pods-DearDiaryImages.release.xcconfig"; path = "Target Support Files/Pods-DearDiaryImages/Pods-DearDiaryImages.release.xcconfig"; sourceTree = "<group>"; };
		3848E169443050605FEC2608 /* Pods_DearDiaryImages.framework */ = {isa = PBXFileReference; explicitFileType = wrapper.framework; includeInIndex = 0; path = Pods_DearDiaryImages.framework; sourceTree = BUILT_PRODUCTS_DIR; };
		3E6B9F1406F5502F0384CCE1 /* Pods_Dear_Diary.framework */ = {isa = PBXFileReference; explicitFileType = wrapper.framework; includeInIndex = 0; path = Pods_Dear_Diary.framework; sourceTree = BUILT_PRODUCTS_DIR; };
		473D0F59E2837A4783394ABD /* Pods-DearDiaryImages.debug.xcconfig */ = {isa = PBXFileReference; includeInIndex = 1; lastKnownFileType = text.xcconfig; name = "Pods-DearDiaryImages.debug.xcconfig"; path = "Target Support Files/Pods-DearDiaryImages/Pods-DearDiaryImages.debug.xcconfig"; sourceTree = "<group>"; };
		4A8C5A4AF7E8422FE970F25E /* Pods-DearDiaryUIKit.debug.xcconfig */ = {isa = PBXFileReference; includeInIndex = 1; lastKnownFileType = text.xcconfig; name = "Pods-DearDiaryUIKit.debug.xcconfig"; path = "Target Support Files/Pods-DearDiaryUIKit/Pods-DearDiaryUIKit.debug.xcconfig"; sourceTree = "<group>"; };
		5959C537E17E829BD5F6E78A /* Pods-Dear Diary.debug.xcconfig */ = {isa = PBXFileReference; includeInIndex = 1; lastKnownFileType = text.xcconfig; name = "Pods-Dear Diary.debug.xcconfig"; path = "Target Support Files/Pods-Dear Diary/Pods-Dear Diary.debug.xcconfig"; sourceTree = "<group>"; };
		6E1FB572D4EC573BFE51F42B /* Pods-DearDiaryStrings.release.xcconfig */ = {isa = PBXFileReference; includeInIndex = 1; lastKnownFileType = text.xcconfig; name = "Pods-DearDiaryStrings.release.xcconfig"; path = "Target Support Files/Pods-DearDiaryStrings/Pods-DearDiaryStrings.release.xcconfig"; sourceTree = "<group>"; };
		7C28A7B32A4E077C0068B89A /* RegisterViewController.swift */ = {isa = PBXFileReference; lastKnownFileType = sourcecode.swift; path = RegisterViewController.swift; sourceTree = "<group>"; };
		7C28A7B52A4E07950068B89A /* RegisterViewModel.swift */ = {isa = PBXFileReference; lastKnownFileType = sourcecode.swift; path = RegisterViewModel.swift; sourceTree = "<group>"; };
		7C28A7B72A4E8CB90068B89A /* UIButton+Extensions.swift */ = {isa = PBXFileReference; lastKnownFileType = sourcecode.swift; path = "UIButton+Extensions.swift"; sourceTree = "<group>"; };
		7C28A7BA2A4E955D0068B89A /* TabBarView.swift */ = {isa = PBXFileReference; lastKnownFileType = sourcecode.swift; path = TabBarView.swift; sourceTree = "<group>"; };
		7C28A7BC2A4E95690068B89A /* TabBarViewModel.swift */ = {isa = PBXFileReference; lastKnownFileType = sourcecode.swift; path = TabBarViewModel.swift; sourceTree = "<group>"; };
		7C28A7BF2A4EA3920068B89A /* FoldersViewController.swift */ = {isa = PBXFileReference; lastKnownFileType = sourcecode.swift; path = FoldersViewController.swift; sourceTree = "<group>"; };
		7C28A7C12A4EA3AE0068B89A /* FoldersViewModel.swift */ = {isa = PBXFileReference; lastKnownFileType = sourcecode.swift; path = FoldersViewModel.swift; sourceTree = "<group>"; };
		7C28A7C42A4EA6C80068B89A /* GridViewModel.swift */ = {isa = PBXFileReference; lastKnownFileType = sourcecode.swift; path = GridViewModel.swift; sourceTree = "<group>"; };
		7C28A7C62A4EA6DE0068B89A /* GridViewController.swift */ = {isa = PBXFileReference; lastKnownFileType = sourcecode.swift; path = GridViewController.swift; sourceTree = "<group>"; };
		7C28A7CA2A4F3D9D0068B89A /* CalendarViewController.swift */ = {isa = PBXFileReference; lastKnownFileType = sourcecode.swift; path = CalendarViewController.swift; sourceTree = "<group>"; };
		7C28A7CC2A4F3DA90068B89A /* CalendarViewModel.swift */ = {isa = PBXFileReference; lastKnownFileType = sourcecode.swift; path = CalendarViewModel.swift; sourceTree = "<group>"; };
		7C28A7CE2A4F3E3E0068B89A /* SettingsViewModel.swift */ = {isa = PBXFileReference; lastKnownFileType = sourcecode.swift; path = SettingsViewModel.swift; sourceTree = "<group>"; };
		7C28A7D02A4F3E570068B89A /* SettingsViewController.swift */ = {isa = PBXFileReference; lastKnownFileType = sourcecode.swift; path = SettingsViewController.swift; sourceTree = "<group>"; };
		7C28A7D22A4FAABC0068B89A /* TabBar.storyboard */ = {isa = PBXFileReference; lastKnownFileType = file.storyboard; path = TabBar.storyboard; sourceTree = "<group>"; };
		7C28A7D72A4FCF2B0068B89A /* HomeViewController.swift */ = {isa = PBXFileReference; lastKnownFileType = sourcecode.swift; path = HomeViewController.swift; sourceTree = "<group>"; };
		7C28A7D92A4FCF400068B89A /* HomeViewModel.swift */ = {isa = PBXFileReference; lastKnownFileType = sourcecode.swift; path = HomeViewModel.swift; sourceTree = "<group>"; };
		7C28A7DD2A50D3930068B89A /* DateCollectionViewCell.swift */ = {isa = PBXFileReference; lastKnownFileType = sourcecode.swift; path = DateCollectionViewCell.swift; sourceTree = "<group>"; };
		7C28A7DF2A50D4350068B89A /* DateCollectionViewCell.xib */ = {isa = PBXFileReference; lastKnownFileType = file.xib; path = DateCollectionViewCell.xib; sourceTree = "<group>"; };
		7C28A7E12A50EF600068B89A /* DateCellViewModel.swift */ = {isa = PBXFileReference; lastKnownFileType = sourcecode.swift; path = DateCellViewModel.swift; sourceTree = "<group>"; };
		7C28A7E42A522F190068B89A /* DaysCollectionReusableView.swift */ = {isa = PBXFileReference; lastKnownFileType = sourcecode.swift; path = DaysCollectionReusableView.swift; sourceTree = "<group>"; };
		7C28A7E52A522F190068B89A /* DaysCollectionReusableView.xib */ = {isa = PBXFileReference; lastKnownFileType = file.xib; path = DaysCollectionReusableView.xib; sourceTree = "<group>"; };
		7C59C10A2A70524C000D65BE /* NoteViewController.swift */ = {isa = PBXFileReference; lastKnownFileType = sourcecode.swift; path = NoteViewController.swift; sourceTree = "<group>"; };
		7C59C10C2A70525A000D65BE /* NoteViewModel.swift */ = {isa = PBXFileReference; lastKnownFileType = sourcecode.swift; path = NoteViewModel.swift; sourceTree = "<group>"; };
		7C59C10E2A705740000D65BE /* UIViewController+Extensions.swift */ = {isa = PBXFileReference; lastKnownFileType = sourcecode.swift; path = "UIViewController+Extensions.swift"; sourceTree = "<group>"; };
		7C59C1162A722B1E000D65BE /* FormattingOptionsView.swift */ = {isa = PBXFileReference; lastKnownFileType = sourcecode.swift; path = FormattingOptionsView.swift; sourceTree = "<group>"; };
		7C59C11A2A722C54000D65BE /* FormattingOptionsViewModel.swift */ = {isa = PBXFileReference; lastKnownFileType = sourcecode.swift; path = FormattingOptionsViewModel.swift; sourceTree = "<group>"; };
		7C59C11D2A72E6E5000D65BE /* TextFormattingOptionsView.swift */ = {isa = PBXFileReference; lastKnownFileType = sourcecode.swift; path = TextFormattingOptionsView.swift; sourceTree = "<group>"; };
		7C59C11F2A72E6FF000D65BE /* TextFormattingOptionsView.xib */ = {isa = PBXFileReference; lastKnownFileType = file.xib; path = TextFormattingOptionsView.xib; sourceTree = "<group>"; };
		7C59C1212A72EA07000D65BE /* TextFormattingOptionsViewModel.swift */ = {isa = PBXFileReference; lastKnownFileType = sourcecode.swift; path = TextFormattingOptionsViewModel.swift; sourceTree = "<group>"; };
		7C59C1232A72FD48000D65BE /* NotoSansMono-Regular.ttf */ = {isa = PBXFileReference; lastKnownFileType = file; path = "NotoSansMono-Regular.ttf"; sourceTree = "<group>"; };
		7C59C1252A72FE5D000D65BE /* OpenSans-Italic.ttf */ = {isa = PBXFileReference; lastKnownFileType = file; path = "OpenSans-Italic.ttf"; sourceTree = "<group>"; };
		7C59C1262A72FE5D000D65BE /* OpenSans-BoldItalic.ttf */ = {isa = PBXFileReference; lastKnownFileType = file; path = "OpenSans-BoldItalic.ttf"; sourceTree = "<group>"; };
		7C59C1292A730629000D65BE /* NotoSansMono-Bold.ttf */ = {isa = PBXFileReference; lastKnownFileType = file; path = "NotoSansMono-Bold.ttf"; sourceTree = "<group>"; };
		7C66F95A2A645AB800D2B48A /* TitleHeaderView.swift */ = {isa = PBXFileReference; lastKnownFileType = sourcecode.swift; path = TitleHeaderView.swift; sourceTree = "<group>"; };
		7C66F95D2A645D4F00D2B48A /* ThemeTableViewCell.swift */ = {isa = PBXFileReference; lastKnownFileType = sourcecode.swift; path = ThemeTableViewCell.swift; sourceTree = "<group>"; };
		7C66F95E2A645D4F00D2B48A /* ThemeTableViewCell.xib */ = {isa = PBXFileReference; lastKnownFileType = file.xib; path = ThemeTableViewCell.xib; sourceTree = "<group>"; };
		7C66F9612A6460F700D2B48A /* ThemeCellViewModel.swift */ = {isa = PBXFileReference; lastKnownFileType = sourcecode.swift; path = ThemeCellViewModel.swift; sourceTree = "<group>"; };
		7C66F9632A64706E00D2B48A /* LocalStorage.swift */ = {isa = PBXFileReference; lastKnownFileType = sourcecode.swift; path = LocalStorage.swift; sourceTree = "<group>"; };
		7C6741292A3635CD007DEBF3 /* Dear Diary.app */ = {isa = PBXFileReference; explicitFileType = wrapper.application; includeInIndex = 0; path = "Dear Diary.app"; sourceTree = BUILT_PRODUCTS_DIR; };
		7C67412C2A3635CD007DEBF3 /* AppDelegate.swift */ = {isa = PBXFileReference; lastKnownFileType = sourcecode.swift; path = AppDelegate.swift; sourceTree = "<group>"; };
		7C67412E2A3635CD007DEBF3 /* SceneDelegate.swift */ = {isa = PBXFileReference; lastKnownFileType = sourcecode.swift; path = SceneDelegate.swift; sourceTree = "<group>"; };
		7C6741352A3635CE007DEBF3 /* Assets.xcassets */ = {isa = PBXFileReference; lastKnownFileType = folder.assetcatalog; path = Assets.xcassets; sourceTree = "<group>"; };
		7C6741382A3635CE007DEBF3 /* Base */ = {isa = PBXFileReference; lastKnownFileType = file.storyboard; name = Base; path = Base.lproj/LaunchScreen.storyboard; sourceTree = "<group>"; };
		7C67413A2A3635CE007DEBF3 /* Info.plist */ = {isa = PBXFileReference; lastKnownFileType = text.plist.xml; path = Info.plist; sourceTree = "<group>"; };
		7C6741412A3636C3007DEBF3 /* RootLauncher.swift */ = {isa = PBXFileReference; lastKnownFileType = sourcecode.swift; path = RootLauncher.swift; sourceTree = "<group>"; };
		7C6741482A364E2D007DEBF3 /* ViewLoadable.swift */ = {isa = PBXFileReference; lastKnownFileType = sourcecode.swift; path = ViewLoadable.swift; sourceTree = "<group>"; };
		7C67414D2A3652F6007DEBF3 /* Constants.swift */ = {isa = PBXFileReference; lastKnownFileType = sourcecode.swift; path = Constants.swift; sourceTree = "<group>"; };
		7C6741662A3B727C007DEBF3 /* DearDiaryUIKit.framework */ = {isa = PBXFileReference; explicitFileType = wrapper.framework; includeInIndex = 0; path = DearDiaryUIKit.framework; sourceTree = BUILT_PRODUCTS_DIR; };
		7C6741682A3B727C007DEBF3 /* DearDiaryUIKit.h */ = {isa = PBXFileReference; lastKnownFileType = sourcecode.c.h; path = DearDiaryUIKit.h; sourceTree = "<group>"; };
		7C6741732A3B728B007DEBF3 /* Colors.swift */ = {isa = PBXFileReference; lastKnownFileType = sourcecode.swift; path = Colors.swift; sourceTree = "<group>"; };
		7C6741752A3B72F6007DEBF3 /* ColorAssets.xcassets */ = {isa = PBXFileReference; lastKnownFileType = folder.assetcatalog; path = ColorAssets.xcassets; sourceTree = "<group>"; };
		7C6741772A3B76BC007DEBF3 /* Fonts.swift */ = {isa = PBXFileReference; lastKnownFileType = sourcecode.swift; path = Fonts.swift; sourceTree = "<group>"; };
		7C6741852A3B9AE3007DEBF3 /* DearDiaryStrings.framework */ = {isa = PBXFileReference; explicitFileType = wrapper.framework; includeInIndex = 0; path = DearDiaryStrings.framework; sourceTree = BUILT_PRODUCTS_DIR; };
		7C6741872A3B9AE3007DEBF3 /* DearDiaryStrings.h */ = {isa = PBXFileReference; lastKnownFileType = sourcecode.c.h; path = DearDiaryStrings.h; sourceTree = "<group>"; };
		7C6741912A3B9AFA007DEBF3 /* Strings.swift */ = {isa = PBXFileReference; lastKnownFileType = sourcecode.swift; path = Strings.swift; sourceTree = "<group>"; };
		7C6741932A3BF3D0007DEBF3 /* OpenSans-SemiBold.ttf */ = {isa = PBXFileReference; lastKnownFileType = file; path = "OpenSans-SemiBold.ttf"; sourceTree = "<group>"; };
		7C6741942A3BF3D0007DEBF3 /* OpenSans-Bold.ttf */ = {isa = PBXFileReference; lastKnownFileType = file; path = "OpenSans-Bold.ttf"; sourceTree = "<group>"; };
		7C6741952A3BF3D0007DEBF3 /* OpenSans-Regular.ttf */ = {isa = PBXFileReference; lastKnownFileType = file; path = "OpenSans-Regular.ttf"; sourceTree = "<group>"; };
		7C67419A2A3BF52E007DEBF3 /* Array+Extensions.swift */ = {isa = PBXFileReference; lastKnownFileType = sourcecode.swift; path = "Array+Extensions.swift"; sourceTree = "<group>"; };
		7C8CD2472A6048050063A3A7 /* UserMockData.json */ = {isa = PBXFileReference; lastKnownFileType = text.json; path = UserMockData.json; sourceTree = "<group>"; };
		7C8CD24A2A604DD60063A3A7 /* User.swift */ = {isa = PBXFileReference; lastKnownFileType = sourcecode.swift; path = User.swift; sourceTree = "<group>"; };
		7C8CD2502A604FF20063A3A7 /* JSONable.swift */ = {isa = PBXFileReference; lastKnownFileType = sourcecode.swift; path = JSONable.swift; sourceTree = "<group>"; };
		7C8CD2542A6053270063A3A7 /* AuthStore.swift */ = {isa = PBXFileReference; lastKnownFileType = sourcecode.swift; path = AuthStore.swift; sourceTree = "<group>"; };
		7C8CD2572A62EED10063A3A7 /* Otp.swift */ = {isa = PBXFileReference; lastKnownFileType = sourcecode.swift; path = Otp.swift; sourceTree = "<group>"; };
		7C8CD25C2A630B8B0063A3A7 /* OtpTextField.swift */ = {isa = PBXFileReference; lastKnownFileType = sourcecode.swift; path = OtpTextField.swift; sourceTree = "<group>"; };
		7C8CD25E2A6310BC0063A3A7 /* UIView+Extensions.swift */ = {isa = PBXFileReference; lastKnownFileType = sourcecode.swift; path = "UIView+Extensions.swift"; sourceTree = "<group>"; };
		7C8CD2602A6313CC0063A3A7 /* OtpMockData.json */ = {isa = PBXFileReference; lastKnownFileType = text.json; path = OtpMockData.json; sourceTree = "<group>"; };
		7C8CD2632A632CCC0063A3A7 /* Folder.swift */ = {isa = PBXFileReference; lastKnownFileType = sourcecode.swift; path = Folder.swift; sourceTree = "<group>"; };
		7C8CD2652A632E840063A3A7 /* FoldersMockData.json */ = {isa = PBXFileReference; lastKnownFileType = text.json; path = FoldersMockData.json; sourceTree = "<group>"; };
		7C8CD2682A6330B60063A3A7 /* FolderTableViewCell.swift */ = {isa = PBXFileReference; lastKnownFileType = sourcecode.swift; path = FolderTableViewCell.swift; sourceTree = "<group>"; };
		7C8CD2692A6330B60063A3A7 /* FolderTableViewCell.xib */ = {isa = PBXFileReference; lastKnownFileType = file.xib; path = FolderTableViewCell.xib; sourceTree = "<group>"; };
		7C8CD26C2A6333660063A3A7 /* FolderCellViewModel.swift */ = {isa = PBXFileReference; lastKnownFileType = sourcecode.swift; path = FolderCellViewModel.swift; sourceTree = "<group>"; };
		7C8CD26F2A6345A90063A3A7 /* SplashViewController.swift */ = {isa = PBXFileReference; lastKnownFileType = sourcecode.swift; path = SplashViewController.swift; sourceTree = "<group>"; };
		7C8CD2712A6345FC0063A3A7 /* SplashViewModel.swift */ = {isa = PBXFileReference; lastKnownFileType = sourcecode.swift; path = SplashViewModel.swift; sourceTree = "<group>"; };
		7C8CD2732A6346960063A3A7 /* Splash.storyboard */ = {isa = PBXFileReference; lastKnownFileType = file.storyboard; path = Splash.storyboard; sourceTree = "<group>"; };
		7C8CD2762A634D0B0063A3A7 /* NotesViewController.swift */ = {isa = PBXFileReference; lastKnownFileType = sourcecode.swift; path = NotesViewController.swift; sourceTree = "<group>"; };
		7C8CD2782A634D160063A3A7 /* NotesViewModel.swift */ = {isa = PBXFileReference; lastKnownFileType = sourcecode.swift; path = NotesViewModel.swift; sourceTree = "<group>"; };
		7C8CD27B2A634D730063A3A7 /* Note.swift */ = {isa = PBXFileReference; lastKnownFileType = sourcecode.swift; path = Note.swift; sourceTree = "<group>"; };
		7C8CD27D2A634DC40063A3A7 /* NotesMockData.json */ = {isa = PBXFileReference; lastKnownFileType = text.json; path = NotesMockData.json; sourceTree = "<group>"; };
		7C8CD2802A6354110063A3A7 /* NoteCollectionViewCell.swift */ = {isa = PBXFileReference; lastKnownFileType = sourcecode.swift; path = NoteCollectionViewCell.swift; sourceTree = "<group>"; };
		7C8CD2832A635A710063A3A7 /* Home.storyboard */ = {isa = PBXFileReference; lastKnownFileType = file.storyboard; path = Home.storyboard; sourceTree = "<group>"; };
		7C8CD2872A63772F0063A3A7 /* NoteCellViewModel.swift */ = {isa = PBXFileReference; lastKnownFileType = sourcecode.swift; path = NoteCellViewModel.swift; sourceTree = "<group>"; };
		7C8CD28B2A637CAE0063A3A7 /* TitleCollectionReusableView.swift */ = {isa = PBXFileReference; lastKnownFileType = sourcecode.swift; path = TitleCollectionReusableView.swift; sourceTree = "<group>"; };
		7C8CD28D2A637EE80063A3A7 /* String+Extensions.swift */ = {isa = PBXFileReference; lastKnownFileType = sourcecode.swift; path = "String+Extensions.swift"; sourceTree = "<group>"; };
		7CADF8312A3E5A8C005344E3 /* KeyboardObservable.swift */ = {isa = PBXFileReference; lastKnownFileType = sourcecode.swift; path = KeyboardObservable.swift; sourceTree = "<group>"; };
		7CADF8452A3EA634005344E3 /* DearDiaryImages.framework */ = {isa = PBXFileReference; explicitFileType = wrapper.framework; includeInIndex = 0; path = DearDiaryImages.framework; sourceTree = BUILT_PRODUCTS_DIR; };
		7CADF8472A3EA634005344E3 /* DearDiaryImages.h */ = {isa = PBXFileReference; lastKnownFileType = sourcecode.c.h; path = DearDiaryImages.h; sourceTree = "<group>"; };
		7CADF8512A3EA656005344E3 /* Images.swift */ = {isa = PBXFileReference; lastKnownFileType = sourcecode.swift; path = Images.swift; sourceTree = "<group>"; };
		7CADF8572A3EB71E005344E3 /* BaseTabBarViewController.swift */ = {isa = PBXFileReference; lastKnownFileType = sourcecode.swift; path = BaseTabBarViewController.swift; sourceTree = "<group>"; };
		7CADF8592A3EB743005344E3 /* BaseTabBarViewModel.swift */ = {isa = PBXFileReference; lastKnownFileType = sourcecode.swift; path = BaseTabBarViewModel.swift; sourceTree = "<group>"; };
		7CADF85F2A3F6640005344E3 /* UIImage+Extensions.swift */ = {isa = PBXFileReference; lastKnownFileType = sourcecode.swift; path = "UIImage+Extensions.swift"; sourceTree = "<group>"; };
		C614262F497CB5BD928F7421 /* Pods-DearDiaryStrings.debug.xcconfig */ = {isa = PBXFileReference; includeInIndex = 1; lastKnownFileType = text.xcconfig; name = "Pods-DearDiaryStrings.debug.xcconfig"; path = "Target Support Files/Pods-DearDiaryStrings/Pods-DearDiaryStrings.debug.xcconfig"; sourceTree = "<group>"; };
		CC18E87E2A4F3DA2004CA479 /* OtpViewController.swift */ = {isa = PBXFileReference; lastKnownFileType = sourcecode.swift; path = OtpViewController.swift; sourceTree = "<group>"; };
		CC7EE86B2A3CE828005FB9F1 /* Registration.storyboard */ = {isa = PBXFileReference; lastKnownFileType = file.storyboard; path = Registration.storyboard; sourceTree = "<group>"; };
		E64A2B1A8AF29C311B7D8063 /* Pods-DearDiaryUIKit.release.xcconfig */ = {isa = PBXFileReference; includeInIndex = 1; lastKnownFileType = text.xcconfig; name = "Pods-DearDiaryUIKit.release.xcconfig"; path = "Target Support Files/Pods-DearDiaryUIKit/Pods-DearDiaryUIKit.release.xcconfig"; sourceTree = "<group>"; };
		FDBE6A5699F785082AD1334E /* Pods_DearDiaryStrings.framework */ = {isa = PBXFileReference; explicitFileType = wrapper.framework; includeInIndex = 0; path = Pods_DearDiaryStrings.framework; sourceTree = BUILT_PRODUCTS_DIR; };
/* End PBXFileReference section */

/* Begin PBXFrameworksBuildPhase section */
		7C6741262A3635CD007DEBF3 /* Frameworks */ = {
			isa = PBXFrameworksBuildPhase;
			buildActionMask = 2147483647;
			files = (
				7C67416C2A3B727C007DEBF3 /* DearDiaryUIKit.framework in Frameworks */,
				7C67418B2A3B9AE3007DEBF3 /* DearDiaryStrings.framework in Frameworks */,
				7CADF84B2A3EA634005344E3 /* DearDiaryImages.framework in Frameworks */,
				BCE1ED877EC5B615C88F4A25 /* Pods_Dear_Diary.framework in Frameworks */,
			);
			runOnlyForDeploymentPostprocessing = 0;
		};
		7C6741632A3B727C007DEBF3 /* Frameworks */ = {
			isa = PBXFrameworksBuildPhase;
			buildActionMask = 2147483647;
			files = (
				A26A543321F8D6E90388D961 /* Pods_DearDiaryUIKit.framework in Frameworks */,
			);
			runOnlyForDeploymentPostprocessing = 0;
		};
		7C6741822A3B9AE3007DEBF3 /* Frameworks */ = {
			isa = PBXFrameworksBuildPhase;
			buildActionMask = 2147483647;
			files = (
				4F959E2FC0020103CA4D14B5 /* Pods_DearDiaryStrings.framework in Frameworks */,
			);
			runOnlyForDeploymentPostprocessing = 0;
		};
		7CADF8422A3EA634005344E3 /* Frameworks */ = {
			isa = PBXFrameworksBuildPhase;
			buildActionMask = 2147483647;
			files = (
				AB3E6F25D1B108E0C9F0803D /* Pods_DearDiaryImages.framework in Frameworks */,
			);
			runOnlyForDeploymentPostprocessing = 0;
		};
/* End PBXFrameworksBuildPhase section */

/* Begin PBXGroup section */
		7C28A7B92A4E94E90068B89A /* TabBar */ = {
			isa = PBXGroup;
			children = (
				7C28A7BA2A4E955D0068B89A /* TabBarView.swift */,
				7C28A7BC2A4E95690068B89A /* TabBarViewModel.swift */,
			);
			path = TabBar;
			sourceTree = "<group>";
		};
		7C28A7BE2A4EA3670068B89A /* Folders */ = {
			isa = PBXGroup;
			children = (
				7C28A7BF2A4EA3920068B89A /* FoldersViewController.swift */,
				7C28A7C12A4EA3AE0068B89A /* FoldersViewModel.swift */,
				7C8CD2672A63309C0063A3A7 /* Cell */,
				7C8CD2622A632CC20063A3A7 /* Model */,
				7C8CD2752A634CF30063A3A7 /* Notes */,
			);
			path = Folders;
			sourceTree = "<group>";
		};
		7C28A7C32A4EA6B80068B89A /* Grid */ = {
			isa = PBXGroup;
			children = (
				7C28A7C62A4EA6DE0068B89A /* GridViewController.swift */,
				7C28A7C42A4EA6C80068B89A /* GridViewModel.swift */,
			);
			path = Grid;
			sourceTree = "<group>";
		};
		7C28A7C82A4F3D800068B89A /* Calendar */ = {
			isa = PBXGroup;
			children = (
				7C28A7CA2A4F3D9D0068B89A /* CalendarViewController.swift */,
				7C28A7CC2A4F3DA90068B89A /* CalendarViewModel.swift */,
				7C28A7E32A522EF60068B89A /* Header */,
				7C28A7DC2A50D35E0068B89A /* Cell */,
			);
			path = Calendar;
			sourceTree = "<group>";
		};
		7C28A7C92A4F3D8B0068B89A /* Settings */ = {
			isa = PBXGroup;
			children = (
				7C28A7CE2A4F3E3E0068B89A /* SettingsViewModel.swift */,
				7C28A7D02A4F3E570068B89A /* SettingsViewController.swift */,
				7C66F95C2A645D3B00D2B48A /* Theme */,
			);
			path = Settings;
			sourceTree = "<group>";
		};
		7C28A7D62A4FCEF80068B89A /* Home */ = {
			isa = PBXGroup;
			children = (
				7C28A7D72A4FCF2B0068B89A /* HomeViewController.swift */,
				7C28A7D92A4FCF400068B89A /* HomeViewModel.swift */,
				7C8CD2832A635A710063A3A7 /* Home.storyboard */,
				7CADF8562A3EB67A005344E3 /* TabBar */,
				7C59C1092A70522F000D65BE /* Note */,
			);
			path = Home;
			sourceTree = "<group>";
		};
		7C28A7DC2A50D35E0068B89A /* Cell */ = {
			isa = PBXGroup;
			children = (
				7C28A7DD2A50D3930068B89A /* DateCollectionViewCell.swift */,
				7C28A7E12A50EF600068B89A /* DateCellViewModel.swift */,
				7C28A7DF2A50D4350068B89A /* DateCollectionViewCell.xib */,
			);
			path = Cell;
			sourceTree = "<group>";
		};
		7C28A7E32A522EF60068B89A /* Header */ = {
			isa = PBXGroup;
			children = (
				7C28A7E42A522F190068B89A /* DaysCollectionReusableView.swift */,
				7C28A7E52A522F190068B89A /* DaysCollectionReusableView.xib */,
			);
			path = Header;
			sourceTree = "<group>";
		};
		7C59C1092A70522F000D65BE /* Note */ = {
			isa = PBXGroup;
			children = (
				7C59C10A2A70524C000D65BE /* NoteViewController.swift */,
				7C59C10C2A70525A000D65BE /* NoteViewModel.swift */,
				7C59C1152A722ADD000D65BE /* Formatting */,
			);
			path = Note;
			sourceTree = "<group>";
		};
		7C59C1152A722ADD000D65BE /* Formatting */ = {
			isa = PBXGroup;
			children = (
				7C59C1162A722B1E000D65BE /* FormattingOptionsView.swift */,
				7C59C11A2A722C54000D65BE /* FormattingOptionsViewModel.swift */,
				7C59C11C2A72E6C4000D65BE /* Text */,
			);
			path = Formatting;
			sourceTree = "<group>";
		};
		7C59C11C2A72E6C4000D65BE /* Text */ = {
			isa = PBXGroup;
			children = (
				7C59C11D2A72E6E5000D65BE /* TextFormattingOptionsView.swift */,
				7C59C1212A72EA07000D65BE /* TextFormattingOptionsViewModel.swift */,
				7C59C11F2A72E6FF000D65BE /* TextFormattingOptionsView.xib */,
			);
			path = Text;
			sourceTree = "<group>";
		};
		7C66F95C2A645D3B00D2B48A /* Theme */ = {
			isa = PBXGroup;
			children = (
				7C66F95D2A645D4F00D2B48A /* ThemeTableViewCell.swift */,
				7C66F9612A6460F700D2B48A /* ThemeCellViewModel.swift */,
				7C66F95E2A645D4F00D2B48A /* ThemeTableViewCell.xib */,
			);
			path = Theme;
			sourceTree = "<group>";
		};
		7C6741202A3635CD007DEBF3 = {
			isa = PBXGroup;
			children = (
				7C67412B2A3635CD007DEBF3 /* Dear Diary */,
				7C6741672A3B727C007DEBF3 /* DearDiaryUIKit */,
				7C6741862A3B9AE3007DEBF3 /* DearDiaryStrings */,
				7CADF8462A3EA634005344E3 /* DearDiaryImages */,
				7C67412A2A3635CD007DEBF3 /* Products */,
				FDB7FBD864C80CF254376BE1 /* Pods */,
				7F1C57372FAB5C258D15A1FA /* Frameworks */,
			);
			sourceTree = "<group>";
		};
		7C67412A2A3635CD007DEBF3 /* Products */ = {
			isa = PBXGroup;
			children = (
				7C6741292A3635CD007DEBF3 /* Dear Diary.app */,
				7C6741662A3B727C007DEBF3 /* DearDiaryUIKit.framework */,
				7C6741852A3B9AE3007DEBF3 /* DearDiaryStrings.framework */,
				7CADF8452A3EA634005344E3 /* DearDiaryImages.framework */,
			);
			name = Products;
			sourceTree = "<group>";
		};
		7C67412B2A3635CD007DEBF3 /* Dear Diary */ = {
			isa = PBXGroup;
			children = (
				7C6741402A3636B4007DEBF3 /* Launcher */,
				7C8CD26E2A6345850063A3A7 /* Splash */,
				7C67414A2A364F8A007DEBF3 /* Registration */,
				7C28A7D62A4FCEF80068B89A /* Home */,
				7C8CD24F2A604FE50063A3A7 /* Protocols */,
				7C6741432A363A29007DEBF3 /* Utility */,
				7C67413A2A3635CE007DEBF3 /* Info.plist */,
			);
			path = "Dear Diary";
			sourceTree = "<group>";
		};
		7C6741402A3636B4007DEBF3 /* Launcher */ = {
			isa = PBXGroup;
			children = (
				7C67412C2A3635CD007DEBF3 /* AppDelegate.swift */,
				7C67412E2A3635CD007DEBF3 /* SceneDelegate.swift */,
				7C6741412A3636C3007DEBF3 /* RootLauncher.swift */,
			);
			path = Launcher;
			sourceTree = "<group>";
		};
		7C6741432A363A29007DEBF3 /* Utility */ = {
			isa = PBXGroup;
			children = (
				7C6741792A3B7705007DEBF3 /* Fonts */,
				7C8CD2532A60530F0063A3A7 /* Shared */,
				7C6741372A3635CE007DEBF3 /* LaunchScreen.storyboard */,
				7C6741352A3635CE007DEBF3 /* Assets.xcassets */,
				7C6741752A3B72F6007DEBF3 /* ColorAssets.xcassets */,
			);
			path = Utility;
			sourceTree = "<group>";
		};
		7C6741472A364E0D007DEBF3 /* Protocols */ = {
			isa = PBXGroup;
			children = (
				7C6741482A364E2D007DEBF3 /* ViewLoadable.swift */,
				7CADF8312A3E5A8C005344E3 /* KeyboardObservable.swift */,
			);
			path = Protocols;
			sourceTree = "<group>";
		};
		7C67414A2A364F8A007DEBF3 /* Registration */ = {
			isa = PBXGroup;
			children = (
				CC7EE86B2A3CE828005FB9F1 /* Registration.storyboard */,
				7C8CD24C2A604E4C0063A3A7 /* Register */,
				7C8CD24D2A604E5A0063A3A7 /* OTP */,
			);
			path = Registration;
			sourceTree = "<group>";
		};
		7C6741672A3B727C007DEBF3 /* DearDiaryUIKit */ = {
			isa = PBXGroup;
			children = (
				7C6741722A3B7281007DEBF3 /* Style */,
				7C8CD25B2A630B610063A3A7 /* OTPField */,
				7C28A7B92A4E94E90068B89A /* TabBar */,
				7C8CD28A2A637C810063A3A7 /* Header */,
				7C6741472A364E0D007DEBF3 /* Protocols */,
				7CADF8532A3EA83B005344E3 /* Extensions */,
				7C6741682A3B727C007DEBF3 /* DearDiaryUIKit.h */,
			);
			path = DearDiaryUIKit;
			sourceTree = "<group>";
		};
		7C6741722A3B7281007DEBF3 /* Style */ = {
			isa = PBXGroup;
			children = (
				7C6741732A3B728B007DEBF3 /* Colors.swift */,
				7C6741772A3B76BC007DEBF3 /* Fonts.swift */,
			);
			path = Style;
			sourceTree = "<group>";
		};
		7C6741792A3B7705007DEBF3 /* Fonts */ = {
			isa = PBXGroup;
			children = (
				7C6741952A3BF3D0007DEBF3 /* OpenSans-Regular.ttf */,
				7C59C1252A72FE5D000D65BE /* OpenSans-Italic.ttf */,
				7C6741932A3BF3D0007DEBF3 /* OpenSans-SemiBold.ttf */,
				7C6741942A3BF3D0007DEBF3 /* OpenSans-Bold.ttf */,
				7C59C1262A72FE5D000D65BE /* OpenSans-BoldItalic.ttf */,
				7C59C1232A72FD48000D65BE /* NotoSansMono-Regular.ttf */,
				7C59C1292A730629000D65BE /* NotoSansMono-Bold.ttf */,
			);
			path = Fonts;
			sourceTree = "<group>";
		};
		7C6741862A3B9AE3007DEBF3 /* DearDiaryStrings */ = {
			isa = PBXGroup;
			children = (
				7C6741902A3B9AE7007DEBF3 /* Strings */,
				7C6741872A3B9AE3007DEBF3 /* DearDiaryStrings.h */,
			);
			path = DearDiaryStrings;
			sourceTree = "<group>";
		};
		7C6741902A3B9AE7007DEBF3 /* Strings */ = {
			isa = PBXGroup;
			children = (
				7C6741912A3B9AFA007DEBF3 /* Strings.swift */,
			);
			path = Strings;
			sourceTree = "<group>";
		};
		7C8CD2492A604DC10063A3A7 /* Model */ = {
			isa = PBXGroup;
			children = (
				7C8CD24A2A604DD60063A3A7 /* User.swift */,
				7C8CD2472A6048050063A3A7 /* UserMockData.json */,
			);
			path = Model;
			sourceTree = "<group>";
		};
		7C8CD24C2A604E4C0063A3A7 /* Register */ = {
			isa = PBXGroup;
			children = (
				7C28A7B32A4E077C0068B89A /* RegisterViewController.swift */,
				7C28A7B52A4E07950068B89A /* RegisterViewModel.swift */,
				7C8CD2492A604DC10063A3A7 /* Model */,
			);
			path = Register;
			sourceTree = "<group>";
		};
		7C8CD24D2A604E5A0063A3A7 /* OTP */ = {
			isa = PBXGroup;
			children = (
				CC18E87E2A4F3DA2004CA479 /* OtpViewController.swift */,
				7C8CD2562A62EEB30063A3A7 /* Model */,
			);
			path = OTP;
			sourceTree = "<group>";
		};
		7C8CD24F2A604FE50063A3A7 /* Protocols */ = {
			isa = PBXGroup;
			children = (
				7C8CD2502A604FF20063A3A7 /* JSONable.swift */,
			);
			path = Protocols;
			sourceTree = "<group>";
		};
		7C8CD2532A60530F0063A3A7 /* Shared */ = {
			isa = PBXGroup;
			children = (
				7C67414D2A3652F6007DEBF3 /* Constants.swift */,
				7C8CD2542A6053270063A3A7 /* AuthStore.swift */,
				7C66F9632A64706E00D2B48A /* LocalStorage.swift */,
			);
			path = Shared;
			sourceTree = "<group>";
		};
		7C8CD2562A62EEB30063A3A7 /* Model */ = {
			isa = PBXGroup;
			children = (
				7C8CD2572A62EED10063A3A7 /* Otp.swift */,
				7C8CD2602A6313CC0063A3A7 /* OtpMockData.json */,
			);
			path = Model;
			sourceTree = "<group>";
		};
		7C8CD25B2A630B610063A3A7 /* OTPField */ = {
			isa = PBXGroup;
			children = (
				7C8CD25C2A630B8B0063A3A7 /* OtpTextField.swift */,
			);
			path = OTPField;
			sourceTree = "<group>";
		};
		7C8CD2622A632CC20063A3A7 /* Model */ = {
			isa = PBXGroup;
			children = (
				7C8CD2632A632CCC0063A3A7 /* Folder.swift */,
				7C8CD2652A632E840063A3A7 /* FoldersMockData.json */,
			);
			path = Model;
			sourceTree = "<group>";
		};
		7C8CD2672A63309C0063A3A7 /* Cell */ = {
			isa = PBXGroup;
			children = (
				7C8CD2682A6330B60063A3A7 /* FolderTableViewCell.swift */,
				7C8CD26C2A6333660063A3A7 /* FolderCellViewModel.swift */,
				7C8CD2692A6330B60063A3A7 /* FolderTableViewCell.xib */,
			);
			path = Cell;
			sourceTree = "<group>";
		};
		7C8CD26E2A6345850063A3A7 /* Splash */ = {
			isa = PBXGroup;
			children = (
				7C8CD26F2A6345A90063A3A7 /* SplashViewController.swift */,
				7C8CD2712A6345FC0063A3A7 /* SplashViewModel.swift */,
				7C8CD2732A6346960063A3A7 /* Splash.storyboard */,
			);
			path = Splash;
			sourceTree = "<group>";
		};
		7C8CD2752A634CF30063A3A7 /* Notes */ = {
			isa = PBXGroup;
			children = (
				7C8CD2762A634D0B0063A3A7 /* NotesViewController.swift */,
				7C8CD2782A634D160063A3A7 /* NotesViewModel.swift */,
				7C8CD27F2A6353C50063A3A7 /* Cell */,
				7C8CD27A2A634D6A0063A3A7 /* Model */,
			);
			path = Notes;
			sourceTree = "<group>";
		};
		7C8CD27A2A634D6A0063A3A7 /* Model */ = {
			isa = PBXGroup;
			children = (
				7C8CD27B2A634D730063A3A7 /* Note.swift */,
				7C8CD27D2A634DC40063A3A7 /* NotesMockData.json */,
			);
			path = Model;
			sourceTree = "<group>";
		};
		7C8CD27F2A6353C50063A3A7 /* Cell */ = {
			isa = PBXGroup;
			children = (
				7C8CD2802A6354110063A3A7 /* NoteCollectionViewCell.swift */,
				7C8CD2872A63772F0063A3A7 /* NoteCellViewModel.swift */,
			);
			path = Cell;
			sourceTree = "<group>";
		};
		7C8CD28A2A637C810063A3A7 /* Header */ = {
			isa = PBXGroup;
			children = (
				7C66F95A2A645AB800D2B48A /* TitleHeaderView.swift */,
				7C8CD28B2A637CAE0063A3A7 /* TitleCollectionReusableView.swift */,
			);
			path = Header;
			sourceTree = "<group>";
		};
		7CADF8462A3EA634005344E3 /* DearDiaryImages */ = {
			isa = PBXGroup;
			children = (
				7CADF8502A3EA649005344E3 /* Images */,
				7CADF8472A3EA634005344E3 /* DearDiaryImages.h */,
			);
			path = DearDiaryImages;
			sourceTree = "<group>";
		};
		7CADF8502A3EA649005344E3 /* Images */ = {
			isa = PBXGroup;
			children = (
				7CADF8512A3EA656005344E3 /* Images.swift */,
			);
			path = Images;
			sourceTree = "<group>";
		};
		7CADF8532A3EA83B005344E3 /* Extensions */ = {
			isa = PBXGroup;
			children = (
				7C8CD28D2A637EE80063A3A7 /* String+Extensions.swift */,
				7C67419A2A3BF52E007DEBF3 /* Array+Extensions.swift */,
				7CADF85F2A3F6640005344E3 /* UIImage+Extensions.swift */,
				7C28A7B72A4E8CB90068B89A /* UIButton+Extensions.swift */,
				7C8CD25E2A6310BC0063A3A7 /* UIView+Extensions.swift */,
				7C59C10E2A705740000D65BE /* UIViewController+Extensions.swift */,
			);
			path = Extensions;
			sourceTree = "<group>";
		};
		7CADF8562A3EB67A005344E3 /* TabBar */ = {
			isa = PBXGroup;
			children = (
				7CADF8572A3EB71E005344E3 /* BaseTabBarViewController.swift */,
				7CADF8592A3EB743005344E3 /* BaseTabBarViewModel.swift */,
				7C28A7D22A4FAABC0068B89A /* TabBar.storyboard */,
				7C28A7BE2A4EA3670068B89A /* Folders */,
				7C28A7C32A4EA6B80068B89A /* Grid */,
				7C28A7C82A4F3D800068B89A /* Calendar */,
				7C28A7C92A4F3D8B0068B89A /* Settings */,
			);
			path = TabBar;
			sourceTree = "<group>";
		};
		7F1C57372FAB5C258D15A1FA /* Frameworks */ = {
			isa = PBXGroup;
			children = (
				3E6B9F1406F5502F0384CCE1 /* Pods_Dear_Diary.framework */,
				3848E169443050605FEC2608 /* Pods_DearDiaryImages.framework */,
				FDBE6A5699F785082AD1334E /* Pods_DearDiaryStrings.framework */,
				0BD53FCD07FC041C14C41637 /* Pods_DearDiaryUIKit.framework */,
			);
			name = Frameworks;
			sourceTree = "<group>";
		};
		FDB7FBD864C80CF254376BE1 /* Pods */ = {
			isa = PBXGroup;
			children = (
				5959C537E17E829BD5F6E78A /* Pods-Dear Diary.debug.xcconfig */,
				21D642181D2650675BF9DD58 /* Pods-Dear Diary.release.xcconfig */,
				473D0F59E2837A4783394ABD /* Pods-DearDiaryImages.debug.xcconfig */,
				2A951F603274C2B87C1BB90C /* Pods-DearDiaryImages.release.xcconfig */,
				C614262F497CB5BD928F7421 /* Pods-DearDiaryStrings.debug.xcconfig */,
				6E1FB572D4EC573BFE51F42B /* Pods-DearDiaryStrings.release.xcconfig */,
				4A8C5A4AF7E8422FE970F25E /* Pods-DearDiaryUIKit.debug.xcconfig */,
				E64A2B1A8AF29C311B7D8063 /* Pods-DearDiaryUIKit.release.xcconfig */,
			);
			path = Pods;
			sourceTree = "<group>";
		};
/* End PBXGroup section */

/* Begin PBXHeadersBuildPhase section */
		7C6741612A3B727C007DEBF3 /* Headers */ = {
			isa = PBXHeadersBuildPhase;
			buildActionMask = 2147483647;
			files = (
				7C6741692A3B727C007DEBF3 /* DearDiaryUIKit.h in Headers */,
			);
			runOnlyForDeploymentPostprocessing = 0;
		};
		7C6741802A3B9AE3007DEBF3 /* Headers */ = {
			isa = PBXHeadersBuildPhase;
			buildActionMask = 2147483647;
			files = (
				7C6741882A3B9AE3007DEBF3 /* DearDiaryStrings.h in Headers */,
			);
			runOnlyForDeploymentPostprocessing = 0;
		};
		7CADF8402A3EA634005344E3 /* Headers */ = {
			isa = PBXHeadersBuildPhase;
			buildActionMask = 2147483647;
			files = (
				7CADF8482A3EA634005344E3 /* DearDiaryImages.h in Headers */,
			);
			runOnlyForDeploymentPostprocessing = 0;
		};
/* End PBXHeadersBuildPhase section */

/* Begin PBXNativeTarget section */
		7C6741282A3635CD007DEBF3 /* Dear Diary */ = {
			isa = PBXNativeTarget;
			buildConfigurationList = 7C67413D2A3635CE007DEBF3 /* Build configuration list for PBXNativeTarget "Dear Diary" */;
			buildPhases = (
				3DB322047223D38AC70B83A9 /* [CP] Check Pods Manifest.lock */,
				7C6741252A3635CD007DEBF3 /* Sources */,
				7C6741262A3635CD007DEBF3 /* Frameworks */,
				7C6741272A3635CD007DEBF3 /* Resources */,
				7C6741712A3B727C007DEBF3 /* Embed Frameworks */,
				7288B7F1B1469665C8AA7EED /* [CP] Embed Pods Frameworks */,
			);
			buildRules = (
			);
			dependencies = (
				7C67416B2A3B727C007DEBF3 /* PBXTargetDependency */,
				7C67418A2A3B9AE3007DEBF3 /* PBXTargetDependency */,
				7CADF84A2A3EA634005344E3 /* PBXTargetDependency */,
			);
			name = "Dear Diary";
			productName = "Dear Diary";
			productReference = 7C6741292A3635CD007DEBF3 /* Dear Diary.app */;
			productType = "com.apple.product-type.application";
		};
		7C6741652A3B727C007DEBF3 /* DearDiaryUIKit */ = {
			isa = PBXNativeTarget;
			buildConfigurationList = 7C67416E2A3B727C007DEBF3 /* Build configuration list for PBXNativeTarget "DearDiaryUIKit" */;
			buildPhases = (
				8D948D9FE8E15F9F8271BBD7 /* [CP] Check Pods Manifest.lock */,
				7C6741612A3B727C007DEBF3 /* Headers */,
				7C6741622A3B727C007DEBF3 /* Sources */,
				7C6741632A3B727C007DEBF3 /* Frameworks */,
				7C6741642A3B727C007DEBF3 /* Resources */,
			);
			buildRules = (
			);
			dependencies = (
			);
			name = DearDiaryUIKit;
			productName = DearDiaryUIKit;
			productReference = 7C6741662A3B727C007DEBF3 /* DearDiaryUIKit.framework */;
			productType = "com.apple.product-type.framework";
		};
		7C6741842A3B9AE3007DEBF3 /* DearDiaryStrings */ = {
			isa = PBXNativeTarget;
			buildConfigurationList = 7C67418F2A3B9AE3007DEBF3 /* Build configuration list for PBXNativeTarget "DearDiaryStrings" */;
			buildPhases = (
				C1AECC9139AF34BDF79AB8E6 /* [CP] Check Pods Manifest.lock */,
				7C6741802A3B9AE3007DEBF3 /* Headers */,
				7C6741812A3B9AE3007DEBF3 /* Sources */,
				7C6741822A3B9AE3007DEBF3 /* Frameworks */,
				7C6741832A3B9AE3007DEBF3 /* Resources */,
			);
			buildRules = (
			);
			dependencies = (
			);
			name = DearDiaryStrings;
			productName = DearDiaryStrings;
			productReference = 7C6741852A3B9AE3007DEBF3 /* DearDiaryStrings.framework */;
			productType = "com.apple.product-type.framework";
		};
		7CADF8442A3EA634005344E3 /* DearDiaryImages */ = {
			isa = PBXNativeTarget;
			buildConfigurationList = 7CADF84D2A3EA634005344E3 /* Build configuration list for PBXNativeTarget "DearDiaryImages" */;
			buildPhases = (
				66EB5E895632675F836C5F44 /* [CP] Check Pods Manifest.lock */,
				7CADF8402A3EA634005344E3 /* Headers */,
				7CADF8412A3EA634005344E3 /* Sources */,
				7CADF8422A3EA634005344E3 /* Frameworks */,
				7CADF8432A3EA634005344E3 /* Resources */,
			);
			buildRules = (
			);
			dependencies = (
			);
			name = DearDiaryImages;
			productName = DearDiaryImages;
			productReference = 7CADF8452A3EA634005344E3 /* DearDiaryImages.framework */;
			productType = "com.apple.product-type.framework";
		};
/* End PBXNativeTarget section */

/* Begin PBXProject section */
		7C6741212A3635CD007DEBF3 /* Project object */ = {
			isa = PBXProject;
			attributes = {
				BuildIndependentTargetsInParallel = 1;
				LastSwiftUpdateCheck = 1430;
				LastUpgradeCheck = 1430;
				ORGANIZATIONNAME = "Dear Diary";
				TargetAttributes = {
					7C6741282A3635CD007DEBF3 = {
						CreatedOnToolsVersion = 14.3;
					};
					7C6741652A3B727C007DEBF3 = {
						CreatedOnToolsVersion = 14.3;
						LastSwiftMigration = 1430;
					};
					7C6741842A3B9AE3007DEBF3 = {
						CreatedOnToolsVersion = 14.3;
						LastSwiftMigration = 1430;
					};
					7CADF8442A3EA634005344E3 = {
						CreatedOnToolsVersion = 14.3;
						LastSwiftMigration = 1430;
					};
				};
			};
			buildConfigurationList = 7C6741242A3635CD007DEBF3 /* Build configuration list for PBXProject "Dear Diary" */;
			compatibilityVersion = "Xcode 14.0";
			developmentRegion = en;
			hasScannedForEncodings = 0;
			knownRegions = (
				en,
				Base,
			);
			mainGroup = 7C6741202A3635CD007DEBF3;
			productRefGroup = 7C67412A2A3635CD007DEBF3 /* Products */;
			projectDirPath = "";
			projectRoot = "";
			targets = (
				7C6741282A3635CD007DEBF3 /* Dear Diary */,
				7C6741652A3B727C007DEBF3 /* DearDiaryUIKit */,
				7C6741842A3B9AE3007DEBF3 /* DearDiaryStrings */,
				7CADF8442A3EA634005344E3 /* DearDiaryImages */,
			);
		};
/* End PBXProject section */

/* Begin PBXResourcesBuildPhase section */
		7C6741272A3635CD007DEBF3 /* Resources */ = {
			isa = PBXResourcesBuildPhase;
			buildActionMask = 2147483647;
			files = (
				7C8CD2482A6048050063A3A7 /* UserMockData.json in Resources */,
				7C59C1242A72FD4A000D65BE /* NotoSansMono-Regular.ttf in Resources */,
				7C6741392A3635CE007DEBF3 /* LaunchScreen.storyboard in Resources */,
				7C6741972A3BF3D0007DEBF3 /* OpenSans-Bold.ttf in Resources */,
				7C8CD26B2A6330B60063A3A7 /* FolderTableViewCell.xib in Resources */,
				7C8CD2842A635A710063A3A7 /* Home.storyboard in Resources */,
				7C59C1272A72FE5D000D65BE /* OpenSans-Italic.ttf in Resources */,
				7C8CD2662A632E840063A3A7 /* FoldersMockData.json in Resources */,
				7C6741982A3BF3D0007DEBF3 /* OpenSans-Regular.ttf in Resources */,
				CC7EE86C2A3CE828005FB9F1 /* Registration.storyboard in Resources */,
				7C8CD27E2A634DC40063A3A7 /* NotesMockData.json in Resources */,
				7C28A7D32A4FAABC0068B89A /* TabBar.storyboard in Resources */,
				7C8CD2742A6346960063A3A7 /* Splash.storyboard in Resources */,
				7C6741962A3BF3D0007DEBF3 /* OpenSans-SemiBold.ttf in Resources */,
				7C59C1282A72FE5D000D65BE /* OpenSans-BoldItalic.ttf in Resources */,
				7C28A7E02A50D4350068B89A /* DateCollectionViewCell.xib in Resources */,
				7C66F9602A645D4F00D2B48A /* ThemeTableViewCell.xib in Resources */,
				7C6741762A3B72F6007DEBF3 /* ColorAssets.xcassets in Resources */,
				7C28A7E72A522F190068B89A /* DaysCollectionReusableView.xib in Resources */,
				7C59C1202A72E6FF000D65BE /* TextFormattingOptionsView.xib in Resources */,
				7C6741362A3635CE007DEBF3 /* Assets.xcassets in Resources */,
				7C8CD2612A6313CC0063A3A7 /* OtpMockData.json in Resources */,
				7C59C12A2A730629000D65BE /* NotoSansMono-Bold.ttf in Resources */,
			);
			runOnlyForDeploymentPostprocessing = 0;
		};
		7C6741642A3B727C007DEBF3 /* Resources */ = {
			isa = PBXResourcesBuildPhase;
			buildActionMask = 2147483647;
			files = (
			);
			runOnlyForDeploymentPostprocessing = 0;
		};
		7C6741832A3B9AE3007DEBF3 /* Resources */ = {
			isa = PBXResourcesBuildPhase;
			buildActionMask = 2147483647;
			files = (
			);
			runOnlyForDeploymentPostprocessing = 0;
		};
		7CADF8432A3EA634005344E3 /* Resources */ = {
			isa = PBXResourcesBuildPhase;
			buildActionMask = 2147483647;
			files = (
			);
			runOnlyForDeploymentPostprocessing = 0;
		};
/* End PBXResourcesBuildPhase section */

/* Begin PBXShellScriptBuildPhase section */
		3DB322047223D38AC70B83A9 /* [CP] Check Pods Manifest.lock */ = {
			isa = PBXShellScriptBuildPhase;
			buildActionMask = 2147483647;
			files = (
			);
			inputFileListPaths = (
			);
			inputPaths = (
				"${PODS_PODFILE_DIR_PATH}/Podfile.lock",
				"${PODS_ROOT}/Manifest.lock",
			);
			name = "[CP] Check Pods Manifest.lock";
			outputFileListPaths = (
			);
			outputPaths = (
				"$(DERIVED_FILE_DIR)/Pods-Dear Diary-checkManifestLockResult.txt",
			);
			runOnlyForDeploymentPostprocessing = 0;
			shellPath = /bin/sh;
			shellScript = "diff \"${PODS_PODFILE_DIR_PATH}/Podfile.lock\" \"${PODS_ROOT}/Manifest.lock\" > /dev/null\nif [ $? != 0 ] ; then\n    # print error to STDERR\n    echo \"error: The sandbox is not in sync with the Podfile.lock. Run 'pod install' or update your CocoaPods installation.\" >&2\n    exit 1\nfi\n# This output is used by Xcode 'outputs' to avoid re-running this script phase.\necho \"SUCCESS\" > \"${SCRIPT_OUTPUT_FILE_0}\"\n";
			showEnvVarsInLog = 0;
		};
		66EB5E895632675F836C5F44 /* [CP] Check Pods Manifest.lock */ = {
			isa = PBXShellScriptBuildPhase;
			buildActionMask = 2147483647;
			files = (
			);
			inputFileListPaths = (
			);
			inputPaths = (
				"${PODS_PODFILE_DIR_PATH}/Podfile.lock",
				"${PODS_ROOT}/Manifest.lock",
			);
			name = "[CP] Check Pods Manifest.lock";
			outputFileListPaths = (
			);
			outputPaths = (
				"$(DERIVED_FILE_DIR)/Pods-DearDiaryImages-checkManifestLockResult.txt",
			);
			runOnlyForDeploymentPostprocessing = 0;
			shellPath = /bin/sh;
			shellScript = "diff \"${PODS_PODFILE_DIR_PATH}/Podfile.lock\" \"${PODS_ROOT}/Manifest.lock\" > /dev/null\nif [ $? != 0 ] ; then\n    # print error to STDERR\n    echo \"error: The sandbox is not in sync with the Podfile.lock. Run 'pod install' or update your CocoaPods installation.\" >&2\n    exit 1\nfi\n# This output is used by Xcode 'outputs' to avoid re-running this script phase.\necho \"SUCCESS\" > \"${SCRIPT_OUTPUT_FILE_0}\"\n";
			showEnvVarsInLog = 0;
		};
		7288B7F1B1469665C8AA7EED /* [CP] Embed Pods Frameworks */ = {
			isa = PBXShellScriptBuildPhase;
			buildActionMask = 2147483647;
			files = (
			);
			inputFileListPaths = (
				"${PODS_ROOT}/Target Support Files/Pods-Dear Diary/Pods-Dear Diary-frameworks-${CONFIGURATION}-input-files.xcfilelist",
			);
			name = "[CP] Embed Pods Frameworks";
			outputFileListPaths = (
				"${PODS_ROOT}/Target Support Files/Pods-Dear Diary/Pods-Dear Diary-frameworks-${CONFIGURATION}-output-files.xcfilelist",
			);
			runOnlyForDeploymentPostprocessing = 0;
			shellPath = /bin/sh;
			shellScript = "\"${PODS_ROOT}/Target Support Files/Pods-Dear Diary/Pods-Dear Diary-frameworks.sh\"\n";
			showEnvVarsInLog = 0;
		};
		8D948D9FE8E15F9F8271BBD7 /* [CP] Check Pods Manifest.lock */ = {
			isa = PBXShellScriptBuildPhase;
			buildActionMask = 2147483647;
			files = (
			);
			inputFileListPaths = (
			);
			inputPaths = (
				"${PODS_PODFILE_DIR_PATH}/Podfile.lock",
				"${PODS_ROOT}/Manifest.lock",
			);
			name = "[CP] Check Pods Manifest.lock";
			outputFileListPaths = (
			);
			outputPaths = (
				"$(DERIVED_FILE_DIR)/Pods-DearDiaryUIKit-checkManifestLockResult.txt",
			);
			runOnlyForDeploymentPostprocessing = 0;
			shellPath = /bin/sh;
			shellScript = "diff \"${PODS_PODFILE_DIR_PATH}/Podfile.lock\" \"${PODS_ROOT}/Manifest.lock\" > /dev/null\nif [ $? != 0 ] ; then\n    # print error to STDERR\n    echo \"error: The sandbox is not in sync with the Podfile.lock. Run 'pod install' or update your CocoaPods installation.\" >&2\n    exit 1\nfi\n# This output is used by Xcode 'outputs' to avoid re-running this script phase.\necho \"SUCCESS\" > \"${SCRIPT_OUTPUT_FILE_0}\"\n";
			showEnvVarsInLog = 0;
		};
		C1AECC9139AF34BDF79AB8E6 /* [CP] Check Pods Manifest.lock */ = {
			isa = PBXShellScriptBuildPhase;
			buildActionMask = 2147483647;
			files = (
			);
			inputFileListPaths = (
			);
			inputPaths = (
				"${PODS_PODFILE_DIR_PATH}/Podfile.lock",
				"${PODS_ROOT}/Manifest.lock",
			);
			name = "[CP] Check Pods Manifest.lock";
			outputFileListPaths = (
			);
			outputPaths = (
				"$(DERIVED_FILE_DIR)/Pods-DearDiaryStrings-checkManifestLockResult.txt",
			);
			runOnlyForDeploymentPostprocessing = 0;
			shellPath = /bin/sh;
			shellScript = "diff \"${PODS_PODFILE_DIR_PATH}/Podfile.lock\" \"${PODS_ROOT}/Manifest.lock\" > /dev/null\nif [ $? != 0 ] ; then\n    # print error to STDERR\n    echo \"error: The sandbox is not in sync with the Podfile.lock. Run 'pod install' or update your CocoaPods installation.\" >&2\n    exit 1\nfi\n# This output is used by Xcode 'outputs' to avoid re-running this script phase.\necho \"SUCCESS\" > \"${SCRIPT_OUTPUT_FILE_0}\"\n";
			showEnvVarsInLog = 0;
		};
/* End PBXShellScriptBuildPhase section */

/* Begin PBXSourcesBuildPhase section */
		7C6741252A3635CD007DEBF3 /* Sources */ = {
			isa = PBXSourcesBuildPhase;
			buildActionMask = 2147483647;
			files = (
				7C8CD2512A604FF20063A3A7 /* JSONable.swift in Sources */,
				7C28A7DA2A4FCF400068B89A /* HomeViewModel.swift in Sources */,
				7C8CD2812A6354110063A3A7 /* NoteCollectionViewCell.swift in Sources */,
				7C8CD2772A634D0B0063A3A7 /* NotesViewController.swift in Sources */,
				7C28A7C52A4EA6C80068B89A /* GridViewModel.swift in Sources */,
				7C67412D2A3635CD007DEBF3 /* AppDelegate.swift in Sources */,
				7CADF85A2A3EB743005344E3 /* BaseTabBarViewModel.swift in Sources */,
				7C28A7DE2A50D3930068B89A /* DateCollectionViewCell.swift in Sources */,
				7C28A7B42A4E077C0068B89A /* RegisterViewController.swift in Sources */,
				7C8CD2722A6345FC0063A3A7 /* SplashViewModel.swift in Sources */,
				7C67412F2A3635CD007DEBF3 /* SceneDelegate.swift in Sources */,
				7C28A7E22A50EF600068B89A /* DateCellViewModel.swift in Sources */,
				7C28A7D82A4FCF2B0068B89A /* HomeViewController.swift in Sources */,
				7C59C1172A722B1E000D65BE /* FormattingOptionsView.swift in Sources */,
				7CADF8582A3EB71E005344E3 /* BaseTabBarViewController.swift in Sources */,
				7C59C11E2A72E6E5000D65BE /* TextFormattingOptionsView.swift in Sources */,
				7C59C10D2A70525A000D65BE /* NoteViewModel.swift in Sources */,
				7C8CD24B2A604DD60063A3A7 /* User.swift in Sources */,
				7C66F95F2A645D4F00D2B48A /* ThemeTableViewCell.swift in Sources */,
				7C8CD26D2A6333660063A3A7 /* FolderCellViewModel.swift in Sources */,
				7C28A7E62A522F190068B89A /* DaysCollectionReusableView.swift in Sources */,
				7C8CD26A2A6330B60063A3A7 /* FolderTableViewCell.swift in Sources */,
				7C28A7B62A4E07950068B89A /* RegisterViewModel.swift in Sources */,
				7C28A7C02A4EA3920068B89A /* FoldersViewController.swift in Sources */,
				7C66F9642A64706E00D2B48A /* LocalStorage.swift in Sources */,
				7C8CD2882A63772F0063A3A7 /* NoteCellViewModel.swift in Sources */,
				7C28A7C72A4EA6DE0068B89A /* GridViewController.swift in Sources */,
				7C8CD2792A634D160063A3A7 /* NotesViewModel.swift in Sources */,
				7C28A7CD2A4F3DA90068B89A /* CalendarViewModel.swift in Sources */,
				7C59C11B2A722C54000D65BE /* FormattingOptionsViewModel.swift in Sources */,
				7C66F9622A6460F700D2B48A /* ThemeCellViewModel.swift in Sources */,
				7C6741422A3636C3007DEBF3 /* RootLauncher.swift in Sources */,
				7C28A7C22A4EA3AE0068B89A /* FoldersViewModel.swift in Sources */,
				7C59C10B2A70524C000D65BE /* NoteViewController.swift in Sources */,
				7C28A7D12A4F3E570068B89A /* SettingsViewController.swift in Sources */,
				7CADF8322A3E5A8C005344E3 /* KeyboardObservable.swift in Sources */,
				7C8CD2582A62EED10063A3A7 /* Otp.swift in Sources */,
				CC18E87F2A4F3DA2004CA479 /* OtpViewController.swift in Sources */,
				7C28A7CB2A4F3D9D0068B89A /* CalendarViewController.swift in Sources */,
				7C59C1222A72EA07000D65BE /* TextFormattingOptionsViewModel.swift in Sources */,
				7C8CD2702A6345A90063A3A7 /* SplashViewController.swift in Sources */,
				7C8CD27C2A634D730063A3A7 /* Note.swift in Sources */,
				7C8CD2552A6053270063A3A7 /* AuthStore.swift in Sources */,
				7C67414E2A3652F6007DEBF3 /* Constants.swift in Sources */,
				7C28A7CF2A4F3E3E0068B89A /* SettingsViewModel.swift in Sources */,
				7C8CD2642A632CCC0063A3A7 /* Folder.swift in Sources */,
			);
			runOnlyForDeploymentPostprocessing = 0;
		};
		7C6741622A3B727C007DEBF3 /* Sources */ = {
			isa = PBXSourcesBuildPhase;
			buildActionMask = 2147483647;
			files = (
				7C28A7BD2A4E95690068B89A /* TabBarViewModel.swift in Sources */,
				7C8CD28C2A637CAE0063A3A7 /* TitleCollectionReusableView.swift in Sources */,
				7CADF8542A3EB323005344E3 /* Array+Extensions.swift in Sources */,
				7C8CD25F2A6310BC0063A3A7 /* UIView+Extensions.swift in Sources */,
				7C66F95B2A645AB800D2B48A /* TitleHeaderView.swift in Sources */,
				7C8CD28E2A637EE80063A3A7 /* String+Extensions.swift in Sources */,
				7C28A7B82A4E8CB90068B89A /* UIButton+Extensions.swift in Sources */,
				7C28A7BB2A4E955D0068B89A /* TabBarView.swift in Sources */,
				7CADF8552A3EB64E005344E3 /* ViewLoadable.swift in Sources */,
				7C8CD25D2A630B8B0063A3A7 /* OtpTextField.swift in Sources */,
				7C59C10F2A705740000D65BE /* UIViewController+Extensions.swift in Sources */,
				7CADF8602A3F6640005344E3 /* UIImage+Extensions.swift in Sources */,
				7C6741782A3B76BC007DEBF3 /* Fonts.swift in Sources */,
				7C6741742A3B728B007DEBF3 /* Colors.swift in Sources */,
			);
			runOnlyForDeploymentPostprocessing = 0;
		};
		7C6741812A3B9AE3007DEBF3 /* Sources */ = {
			isa = PBXSourcesBuildPhase;
			buildActionMask = 2147483647;
			files = (
				7C6741922A3B9AFA007DEBF3 /* Strings.swift in Sources */,
			);
			runOnlyForDeploymentPostprocessing = 0;
		};
		7CADF8412A3EA634005344E3 /* Sources */ = {
			isa = PBXSourcesBuildPhase;
			buildActionMask = 2147483647;
			files = (
				7CADF8522A3EA656005344E3 /* Images.swift in Sources */,
			);
			runOnlyForDeploymentPostprocessing = 0;
		};
/* End PBXSourcesBuildPhase section */

/* Begin PBXTargetDependency section */
		7C67416B2A3B727C007DEBF3 /* PBXTargetDependency */ = {
			isa = PBXTargetDependency;
			target = 7C6741652A3B727C007DEBF3 /* DearDiaryUIKit */;
			targetProxy = 7C67416A2A3B727C007DEBF3 /* PBXContainerItemProxy */;
		};
		7C67418A2A3B9AE3007DEBF3 /* PBXTargetDependency */ = {
			isa = PBXTargetDependency;
			target = 7C6741842A3B9AE3007DEBF3 /* DearDiaryStrings */;
			targetProxy = 7C6741892A3B9AE3007DEBF3 /* PBXContainerItemProxy */;
		};
		7CADF84A2A3EA634005344E3 /* PBXTargetDependency */ = {
			isa = PBXTargetDependency;
			target = 7CADF8442A3EA634005344E3 /* DearDiaryImages */;
			targetProxy = 7CADF8492A3EA634005344E3 /* PBXContainerItemProxy */;
		};
/* End PBXTargetDependency section */

/* Begin PBXVariantGroup section */
		7C6741372A3635CE007DEBF3 /* LaunchScreen.storyboard */ = {
			isa = PBXVariantGroup;
			children = (
				7C6741382A3635CE007DEBF3 /* Base */,
			);
			name = LaunchScreen.storyboard;
			sourceTree = "<group>";
		};
/* End PBXVariantGroup section */

/* Begin XCBuildConfiguration section */
		7C67413B2A3635CE007DEBF3 /* Debug */ = {
			isa = XCBuildConfiguration;
			buildSettings = {
				ALWAYS_SEARCH_USER_PATHS = NO;
				CLANG_ANALYZER_NONNULL = YES;
				CLANG_ANALYZER_NUMBER_OBJECT_CONVERSION = YES_AGGRESSIVE;
				CLANG_CXX_LANGUAGE_STANDARD = "gnu++20";
				CLANG_ENABLE_MODULES = YES;
				CLANG_ENABLE_OBJC_ARC = YES;
				CLANG_ENABLE_OBJC_WEAK = YES;
				CLANG_WARN_BLOCK_CAPTURE_AUTORELEASING = YES;
				CLANG_WARN_BOOL_CONVERSION = YES;
				CLANG_WARN_COMMA = YES;
				CLANG_WARN_CONSTANT_CONVERSION = YES;
				CLANG_WARN_DEPRECATED_OBJC_IMPLEMENTATIONS = YES;
				CLANG_WARN_DIRECT_OBJC_ISA_USAGE = YES_ERROR;
				CLANG_WARN_DOCUMENTATION_COMMENTS = YES;
				CLANG_WARN_EMPTY_BODY = YES;
				CLANG_WARN_ENUM_CONVERSION = YES;
				CLANG_WARN_INFINITE_RECURSION = YES;
				CLANG_WARN_INT_CONVERSION = YES;
				CLANG_WARN_NON_LITERAL_NULL_CONVERSION = YES;
				CLANG_WARN_OBJC_IMPLICIT_RETAIN_SELF = YES;
				CLANG_WARN_OBJC_LITERAL_CONVERSION = YES;
				CLANG_WARN_OBJC_ROOT_CLASS = YES_ERROR;
				CLANG_WARN_QUOTED_INCLUDE_IN_FRAMEWORK_HEADER = YES;
				CLANG_WARN_RANGE_LOOP_ANALYSIS = YES;
				CLANG_WARN_STRICT_PROTOTYPES = YES;
				CLANG_WARN_SUSPICIOUS_MOVE = YES;
				CLANG_WARN_UNGUARDED_AVAILABILITY = YES_AGGRESSIVE;
				CLANG_WARN_UNREACHABLE_CODE = YES;
				CLANG_WARN__DUPLICATE_METHOD_MATCH = YES;
				COPY_PHASE_STRIP = NO;
				DEBUG_INFORMATION_FORMAT = dwarf;
				ENABLE_STRICT_OBJC_MSGSEND = YES;
				ENABLE_TESTABILITY = YES;
				GCC_C_LANGUAGE_STANDARD = gnu11;
				GCC_DYNAMIC_NO_PIC = NO;
				GCC_NO_COMMON_BLOCKS = YES;
				GCC_OPTIMIZATION_LEVEL = 0;
				GCC_PREPROCESSOR_DEFINITIONS = (
					"DEBUG=1",
					"$(inherited)",
				);
				GCC_WARN_64_TO_32_BIT_CONVERSION = YES;
				GCC_WARN_ABOUT_RETURN_TYPE = YES_ERROR;
				GCC_WARN_UNDECLARED_SELECTOR = YES;
				GCC_WARN_UNINITIALIZED_AUTOS = YES_AGGRESSIVE;
				GCC_WARN_UNUSED_FUNCTION = YES;
				GCC_WARN_UNUSED_VARIABLE = YES;
				IPHONEOS_DEPLOYMENT_TARGET = 16.4;
				MTL_ENABLE_DEBUG_INFO = INCLUDE_SOURCE;
				MTL_FAST_MATH = YES;
				ONLY_ACTIVE_ARCH = YES;
				SDKROOT = iphoneos;
				SWIFT_ACTIVE_COMPILATION_CONDITIONS = DEBUG;
				SWIFT_OPTIMIZATION_LEVEL = "-Onone";
			};
			name = Debug;
		};
		7C67413C2A3635CE007DEBF3 /* Release */ = {
			isa = XCBuildConfiguration;
			buildSettings = {
				ALWAYS_SEARCH_USER_PATHS = NO;
				CLANG_ANALYZER_NONNULL = YES;
				CLANG_ANALYZER_NUMBER_OBJECT_CONVERSION = YES_AGGRESSIVE;
				CLANG_CXX_LANGUAGE_STANDARD = "gnu++20";
				CLANG_ENABLE_MODULES = YES;
				CLANG_ENABLE_OBJC_ARC = YES;
				CLANG_ENABLE_OBJC_WEAK = YES;
				CLANG_WARN_BLOCK_CAPTURE_AUTORELEASING = YES;
				CLANG_WARN_BOOL_CONVERSION = YES;
				CLANG_WARN_COMMA = YES;
				CLANG_WARN_CONSTANT_CONVERSION = YES;
				CLANG_WARN_DEPRECATED_OBJC_IMPLEMENTATIONS = YES;
				CLANG_WARN_DIRECT_OBJC_ISA_USAGE = YES_ERROR;
				CLANG_WARN_DOCUMENTATION_COMMENTS = YES;
				CLANG_WARN_EMPTY_BODY = YES;
				CLANG_WARN_ENUM_CONVERSION = YES;
				CLANG_WARN_INFINITE_RECURSION = YES;
				CLANG_WARN_INT_CONVERSION = YES;
				CLANG_WARN_NON_LITERAL_NULL_CONVERSION = YES;
				CLANG_WARN_OBJC_IMPLICIT_RETAIN_SELF = YES;
				CLANG_WARN_OBJC_LITERAL_CONVERSION = YES;
				CLANG_WARN_OBJC_ROOT_CLASS = YES_ERROR;
				CLANG_WARN_QUOTED_INCLUDE_IN_FRAMEWORK_HEADER = YES;
				CLANG_WARN_RANGE_LOOP_ANALYSIS = YES;
				CLANG_WARN_STRICT_PROTOTYPES = YES;
				CLANG_WARN_SUSPICIOUS_MOVE = YES;
				CLANG_WARN_UNGUARDED_AVAILABILITY = YES_AGGRESSIVE;
				CLANG_WARN_UNREACHABLE_CODE = YES;
				CLANG_WARN__DUPLICATE_METHOD_MATCH = YES;
				COPY_PHASE_STRIP = NO;
				DEBUG_INFORMATION_FORMAT = "dwarf-with-dsym";
				ENABLE_NS_ASSERTIONS = NO;
				ENABLE_STRICT_OBJC_MSGSEND = YES;
				GCC_C_LANGUAGE_STANDARD = gnu11;
				GCC_NO_COMMON_BLOCKS = YES;
				GCC_WARN_64_TO_32_BIT_CONVERSION = YES;
				GCC_WARN_ABOUT_RETURN_TYPE = YES_ERROR;
				GCC_WARN_UNDECLARED_SELECTOR = YES;
				GCC_WARN_UNINITIALIZED_AUTOS = YES_AGGRESSIVE;
				GCC_WARN_UNUSED_FUNCTION = YES;
				GCC_WARN_UNUSED_VARIABLE = YES;
				IPHONEOS_DEPLOYMENT_TARGET = 16.4;
				MTL_ENABLE_DEBUG_INFO = NO;
				MTL_FAST_MATH = YES;
				SDKROOT = iphoneos;
				SWIFT_COMPILATION_MODE = wholemodule;
				SWIFT_OPTIMIZATION_LEVEL = "-O";
				VALIDATE_PRODUCT = YES;
			};
			name = Release;
		};
		7C67413E2A3635CE007DEBF3 /* Debug */ = {
			isa = XCBuildConfiguration;
			baseConfigurationReference = 5959C537E17E829BD5F6E78A /* Pods-Dear Diary.debug.xcconfig */;
			buildSettings = {
				ALWAYS_EMBED_SWIFT_STANDARD_LIBRARIES = YES;
				ASSETCATALOG_COMPILER_APPICON_NAME = AppIcon;
				ASSETCATALOG_COMPILER_GLOBAL_ACCENT_COLOR_NAME = AccentColor;
				CODE_SIGN_STYLE = Automatic;
				CURRENT_PROJECT_VERSION = 1;
				DEVELOPMENT_TEAM = XR8TS36N9S;
				GENERATE_INFOPLIST_FILE = YES;
				INFOPLIST_FILE = "Dear Diary/Info.plist";
				INFOPLIST_KEY_UIApplicationSupportsIndirectInputEvents = YES;
				INFOPLIST_KEY_UILaunchStoryboardName = LaunchScreen;
				INFOPLIST_KEY_UIMainStoryboardFile = LaunchScreen;
				INFOPLIST_KEY_UIRequiresFullScreen = YES;
				INFOPLIST_KEY_UISupportedInterfaceOrientations = "UIInterfaceOrientationPortrait UIInterfaceOrientationPortraitUpsideDown";
				IPHONEOS_DEPLOYMENT_TARGET = 14.0;
				LD_RUNPATH_SEARCH_PATHS = (
					"$(inherited)",
					"@executable_path/Frameworks",
				);
				MARKETING_VERSION = 1.0;
				PRODUCT_BUNDLE_IDENTIFIER = "com.deardiary.Dear-Diary";
				PRODUCT_NAME = "$(TARGET_NAME)";
				SWIFT_EMIT_LOC_STRINGS = YES;
				SWIFT_VERSION = 5.0;
				TARGETED_DEVICE_FAMILY = "1,2";
			};
			name = Debug;
		};
		7C67413F2A3635CE007DEBF3 /* Release */ = {
			isa = XCBuildConfiguration;
			baseConfigurationReference = 21D642181D2650675BF9DD58 /* Pods-Dear Diary.release.xcconfig */;
			buildSettings = {
				ALWAYS_EMBED_SWIFT_STANDARD_LIBRARIES = YES;
				ASSETCATALOG_COMPILER_APPICON_NAME = AppIcon;
				ASSETCATALOG_COMPILER_GLOBAL_ACCENT_COLOR_NAME = AccentColor;
				CODE_SIGN_STYLE = Automatic;
				CURRENT_PROJECT_VERSION = 1;
				DEVELOPMENT_TEAM = XR8TS36N9S;
				GENERATE_INFOPLIST_FILE = YES;
				INFOPLIST_FILE = "Dear Diary/Info.plist";
				INFOPLIST_KEY_UIApplicationSupportsIndirectInputEvents = YES;
				INFOPLIST_KEY_UILaunchStoryboardName = LaunchScreen;
				INFOPLIST_KEY_UIMainStoryboardFile = LaunchScreen;
				INFOPLIST_KEY_UIRequiresFullScreen = YES;
				INFOPLIST_KEY_UISupportedInterfaceOrientations = "UIInterfaceOrientationPortrait UIInterfaceOrientationPortraitUpsideDown";
				IPHONEOS_DEPLOYMENT_TARGET = 14.0;
				LD_RUNPATH_SEARCH_PATHS = (
					"$(inherited)",
					"@executable_path/Frameworks",
				);
				MARKETING_VERSION = 1.0;
				PRODUCT_BUNDLE_IDENTIFIER = "com.deardiary.Dear-Diary";
				PRODUCT_NAME = "$(TARGET_NAME)";
				SWIFT_EMIT_LOC_STRINGS = YES;
				SWIFT_VERSION = 5.0;
				TARGETED_DEVICE_FAMILY = "1,2";
			};
			name = Release;
		};
		7C67416F2A3B727C007DEBF3 /* Debug */ = {
			isa = XCBuildConfiguration;
			baseConfigurationReference = 4A8C5A4AF7E8422FE970F25E /* Pods-DearDiaryUIKit.debug.xcconfig */;
			buildSettings = {
				CLANG_ENABLE_MODULES = YES;
				CODE_SIGN_STYLE = Automatic;
				CURRENT_PROJECT_VERSION = 1;
				DEFINES_MODULE = YES;
				DEVELOPMENT_TEAM = XR8TS36N9S;
				DYLIB_COMPATIBILITY_VERSION = 1;
				DYLIB_CURRENT_VERSION = 1;
				DYLIB_INSTALL_NAME_BASE = "@rpath";
				ENABLE_MODULE_VERIFIER = YES;
				GENERATE_INFOPLIST_FILE = YES;
				INFOPLIST_KEY_NSHumanReadableCopyright = "Copyright © 2023 Dear Diary. All rights reserved.";
				INSTALL_PATH = "$(LOCAL_LIBRARY_DIR)/Frameworks";
				IPHONEOS_DEPLOYMENT_TARGET = 14.0;
				LD_RUNPATH_SEARCH_PATHS = (
					"$(inherited)",
					"@executable_path/Frameworks",
					"@loader_path/Frameworks",
				);
				MARKETING_VERSION = 1.0;
				MODULE_VERIFIER_SUPPORTED_LANGUAGES = "objective-c objective-c++";
				MODULE_VERIFIER_SUPPORTED_LANGUAGE_STANDARDS = "gnu11 gnu++20";
				PRODUCT_BUNDLE_IDENTIFIER = com.deardiary.DearDiaryUIKit;
				PRODUCT_NAME = "$(TARGET_NAME:c99extidentifier)";
				SKIP_INSTALL = YES;
				SWIFT_EMIT_LOC_STRINGS = YES;
				SWIFT_OPTIMIZATION_LEVEL = "-Onone";
				SWIFT_VERSION = 5.0;
				TARGETED_DEVICE_FAMILY = "1,2";
				VERSIONING_SYSTEM = "apple-generic";
				VERSION_INFO_PREFIX = "";
			};
			name = Debug;
		};
		7C6741702A3B727C007DEBF3 /* Release */ = {
			isa = XCBuildConfiguration;
			baseConfigurationReference = E64A2B1A8AF29C311B7D8063 /* Pods-DearDiaryUIKit.release.xcconfig */;
			buildSettings = {
				CLANG_ENABLE_MODULES = YES;
				CODE_SIGN_STYLE = Automatic;
				CURRENT_PROJECT_VERSION = 1;
				DEFINES_MODULE = YES;
				DEVELOPMENT_TEAM = XR8TS36N9S;
				DYLIB_COMPATIBILITY_VERSION = 1;
				DYLIB_CURRENT_VERSION = 1;
				DYLIB_INSTALL_NAME_BASE = "@rpath";
				ENABLE_MODULE_VERIFIER = YES;
				GENERATE_INFOPLIST_FILE = YES;
				INFOPLIST_KEY_NSHumanReadableCopyright = "Copyright © 2023 Dear Diary. All rights reserved.";
				INSTALL_PATH = "$(LOCAL_LIBRARY_DIR)/Frameworks";
				IPHONEOS_DEPLOYMENT_TARGET = 14.0;
				LD_RUNPATH_SEARCH_PATHS = (
					"$(inherited)",
					"@executable_path/Frameworks",
					"@loader_path/Frameworks",
				);
				MARKETING_VERSION = 1.0;
				MODULE_VERIFIER_SUPPORTED_LANGUAGES = "objective-c objective-c++";
				MODULE_VERIFIER_SUPPORTED_LANGUAGE_STANDARDS = "gnu11 gnu++20";
				PRODUCT_BUNDLE_IDENTIFIER = com.deardiary.DearDiaryUIKit;
				PRODUCT_NAME = "$(TARGET_NAME:c99extidentifier)";
				SKIP_INSTALL = YES;
				SWIFT_EMIT_LOC_STRINGS = YES;
				SWIFT_VERSION = 5.0;
				TARGETED_DEVICE_FAMILY = "1,2";
				VERSIONING_SYSTEM = "apple-generic";
				VERSION_INFO_PREFIX = "";
			};
			name = Release;
		};
		7C67418D2A3B9AE3007DEBF3 /* Debug */ = {
			isa = XCBuildConfiguration;
			baseConfigurationReference = C614262F497CB5BD928F7421 /* Pods-DearDiaryStrings.debug.xcconfig */;
			buildSettings = {
				CLANG_ENABLE_MODULES = YES;
				CODE_SIGN_STYLE = Automatic;
				CURRENT_PROJECT_VERSION = 1;
				DEFINES_MODULE = YES;
				DEVELOPMENT_TEAM = XR8TS36N9S;
				DYLIB_COMPATIBILITY_VERSION = 1;
				DYLIB_CURRENT_VERSION = 1;
				DYLIB_INSTALL_NAME_BASE = "@rpath";
				ENABLE_MODULE_VERIFIER = YES;
				GENERATE_INFOPLIST_FILE = YES;
				INFOPLIST_KEY_NSHumanReadableCopyright = "Copyright © 2023 Dear Diary. All rights reserved.";
				INSTALL_PATH = "$(LOCAL_LIBRARY_DIR)/Frameworks";
				IPHONEOS_DEPLOYMENT_TARGET = 14.0;
				LD_RUNPATH_SEARCH_PATHS = (
					"$(inherited)",
					"@executable_path/Frameworks",
					"@loader_path/Frameworks",
				);
				MARKETING_VERSION = 1.0;
				MODULE_VERIFIER_SUPPORTED_LANGUAGES = "objective-c objective-c++";
				MODULE_VERIFIER_SUPPORTED_LANGUAGE_STANDARDS = "gnu11 gnu++20";
				PRODUCT_BUNDLE_IDENTIFIER = com.deardiary.DearDiaryStrings;
				PRODUCT_NAME = "$(TARGET_NAME:c99extidentifier)";
				SKIP_INSTALL = YES;
				SWIFT_EMIT_LOC_STRINGS = YES;
				SWIFT_OPTIMIZATION_LEVEL = "-Onone";
				SWIFT_VERSION = 5.0;
				TARGETED_DEVICE_FAMILY = "1,2";
				VERSIONING_SYSTEM = "apple-generic";
				VERSION_INFO_PREFIX = "";
			};
			name = Debug;
		};
		7C67418E2A3B9AE3007DEBF3 /* Release */ = {
			isa = XCBuildConfiguration;
			baseConfigurationReference = 6E1FB572D4EC573BFE51F42B /* Pods-DearDiaryStrings.release.xcconfig */;
			buildSettings = {
				CLANG_ENABLE_MODULES = YES;
				CODE_SIGN_STYLE = Automatic;
				CURRENT_PROJECT_VERSION = 1;
				DEFINES_MODULE = YES;
				DEVELOPMENT_TEAM = XR8TS36N9S;
				DYLIB_COMPATIBILITY_VERSION = 1;
				DYLIB_CURRENT_VERSION = 1;
				DYLIB_INSTALL_NAME_BASE = "@rpath";
				ENABLE_MODULE_VERIFIER = YES;
				GENERATE_INFOPLIST_FILE = YES;
				INFOPLIST_KEY_NSHumanReadableCopyright = "Copyright © 2023 Dear Diary. All rights reserved.";
				INSTALL_PATH = "$(LOCAL_LIBRARY_DIR)/Frameworks";
				IPHONEOS_DEPLOYMENT_TARGET = 14.0;
				LD_RUNPATH_SEARCH_PATHS = (
					"$(inherited)",
					"@executable_path/Frameworks",
					"@loader_path/Frameworks",
				);
				MARKETING_VERSION = 1.0;
				MODULE_VERIFIER_SUPPORTED_LANGUAGES = "objective-c objective-c++";
				MODULE_VERIFIER_SUPPORTED_LANGUAGE_STANDARDS = "gnu11 gnu++20";
				PRODUCT_BUNDLE_IDENTIFIER = com.deardiary.DearDiaryStrings;
				PRODUCT_NAME = "$(TARGET_NAME:c99extidentifier)";
				SKIP_INSTALL = YES;
				SWIFT_EMIT_LOC_STRINGS = YES;
				SWIFT_VERSION = 5.0;
				TARGETED_DEVICE_FAMILY = "1,2";
				VERSIONING_SYSTEM = "apple-generic";
				VERSION_INFO_PREFIX = "";
			};
			name = Release;
		};
		7CADF84E2A3EA634005344E3 /* Debug */ = {
			isa = XCBuildConfiguration;
			baseConfigurationReference = 473D0F59E2837A4783394ABD /* Pods-DearDiaryImages.debug.xcconfig */;
			buildSettings = {
				CLANG_ENABLE_MODULES = YES;
				CODE_SIGN_STYLE = Automatic;
				CURRENT_PROJECT_VERSION = 1;
				DEFINES_MODULE = YES;
				DEVELOPMENT_TEAM = XR8TS36N9S;
				DYLIB_COMPATIBILITY_VERSION = 1;
				DYLIB_CURRENT_VERSION = 1;
				DYLIB_INSTALL_NAME_BASE = "@rpath";
				ENABLE_MODULE_VERIFIER = YES;
				GENERATE_INFOPLIST_FILE = YES;
				INFOPLIST_KEY_NSHumanReadableCopyright = "Copyright © 2023 Dear Diary. All rights reserved.";
				INSTALL_PATH = "$(LOCAL_LIBRARY_DIR)/Frameworks";
				IPHONEOS_DEPLOYMENT_TARGET = 14.0;
				LD_RUNPATH_SEARCH_PATHS = (
					"$(inherited)",
					"@executable_path/Frameworks",
					"@loader_path/Frameworks",
				);
				MARKETING_VERSION = 1.0;
				MODULE_VERIFIER_SUPPORTED_LANGUAGES = "objective-c objective-c++";
				MODULE_VERIFIER_SUPPORTED_LANGUAGE_STANDARDS = "gnu11 gnu++20";
				PRODUCT_BUNDLE_IDENTIFIER = com.kanwarabhijitsingh.DearDiaryImages;
				PRODUCT_NAME = "$(TARGET_NAME:c99extidentifier)";
				SKIP_INSTALL = YES;
				SWIFT_EMIT_LOC_STRINGS = YES;
				SWIFT_OPTIMIZATION_LEVEL = "-Onone";
				SWIFT_VERSION = 5.0;
				TARGETED_DEVICE_FAMILY = "1,2";
				VERSIONING_SYSTEM = "apple-generic";
				VERSION_INFO_PREFIX = "";
			};
			name = Debug;
		};
		7CADF84F2A3EA634005344E3 /* Release */ = {
			isa = XCBuildConfiguration;
			baseConfigurationReference = 2A951F603274C2B87C1BB90C /* Pods-DearDiaryImages.release.xcconfig */;
			buildSettings = {
				CLANG_ENABLE_MODULES = YES;
				CODE_SIGN_STYLE = Automatic;
				CURRENT_PROJECT_VERSION = 1;
				DEFINES_MODULE = YES;
				DEVELOPMENT_TEAM = XR8TS36N9S;
				DYLIB_COMPATIBILITY_VERSION = 1;
				DYLIB_CURRENT_VERSION = 1;
				DYLIB_INSTALL_NAME_BASE = "@rpath";
				ENABLE_MODULE_VERIFIER = YES;
				GENERATE_INFOPLIST_FILE = YES;
				INFOPLIST_KEY_NSHumanReadableCopyright = "Copyright © 2023 Dear Diary. All rights reserved.";
				INSTALL_PATH = "$(LOCAL_LIBRARY_DIR)/Frameworks";
				IPHONEOS_DEPLOYMENT_TARGET = 14.0;
				LD_RUNPATH_SEARCH_PATHS = (
					"$(inherited)",
					"@executable_path/Frameworks",
					"@loader_path/Frameworks",
				);
				MARKETING_VERSION = 1.0;
				MODULE_VERIFIER_SUPPORTED_LANGUAGES = "objective-c objective-c++";
				MODULE_VERIFIER_SUPPORTED_LANGUAGE_STANDARDS = "gnu11 gnu++20";
				PRODUCT_BUNDLE_IDENTIFIER = com.kanwarabhijitsingh.DearDiaryImages;
				PRODUCT_NAME = "$(TARGET_NAME:c99extidentifier)";
				SKIP_INSTALL = YES;
				SWIFT_EMIT_LOC_STRINGS = YES;
				SWIFT_VERSION = 5.0;
				TARGETED_DEVICE_FAMILY = "1,2";
				VERSIONING_SYSTEM = "apple-generic";
				VERSION_INFO_PREFIX = "";
			};
			name = Release;
		};
/* End XCBuildConfiguration section */

/* Begin XCConfigurationList section */
		7C6741242A3635CD007DEBF3 /* Build configuration list for PBXProject "Dear Diary" */ = {
			isa = XCConfigurationList;
			buildConfigurations = (
				7C67413B2A3635CE007DEBF3 /* Debug */,
				7C67413C2A3635CE007DEBF3 /* Release */,
			);
			defaultConfigurationIsVisible = 0;
			defaultConfigurationName = Release;
		};
		7C67413D2A3635CE007DEBF3 /* Build configuration list for PBXNativeTarget "Dear Diary" */ = {
			isa = XCConfigurationList;
			buildConfigurations = (
				7C67413E2A3635CE007DEBF3 /* Debug */,
				7C67413F2A3635CE007DEBF3 /* Release */,
			);
			defaultConfigurationIsVisible = 0;
			defaultConfigurationName = Release;
		};
		7C67416E2A3B727C007DEBF3 /* Build configuration list for PBXNativeTarget "DearDiaryUIKit" */ = {
			isa = XCConfigurationList;
			buildConfigurations = (
				7C67416F2A3B727C007DEBF3 /* Debug */,
				7C6741702A3B727C007DEBF3 /* Release */,
			);
			defaultConfigurationIsVisible = 0;
			defaultConfigurationName = Release;
		};
		7C67418F2A3B9AE3007DEBF3 /* Build configuration list for PBXNativeTarget "DearDiaryStrings" */ = {
			isa = XCConfigurationList;
			buildConfigurations = (
				7C67418D2A3B9AE3007DEBF3 /* Debug */,
				7C67418E2A3B9AE3007DEBF3 /* Release */,
			);
			defaultConfigurationIsVisible = 0;
			defaultConfigurationName = Release;
		};
		7CADF84D2A3EA634005344E3 /* Build configuration list for PBXNativeTarget "DearDiaryImages" */ = {
			isa = XCConfigurationList;
			buildConfigurations = (
				7CADF84E2A3EA634005344E3 /* Debug */,
				7CADF84F2A3EA634005344E3 /* Release */,
			);
			defaultConfigurationIsVisible = 0;
			defaultConfigurationName = Release;
		};
/* End XCConfigurationList section */
	};
	rootObject = 7C6741212A3635CD007DEBF3 /* Project object */;
}
